// !$*UTF8*$!
{
	archiveVersion = 1;
	classes = {
	};
	objectVersion = 46;
	objects = {

/* Begin PBXBuildFile section */
		13F02D95D237527A7F9BAB6A /* Pods_HomeCaresUITests.framework in Frameworks */ = {isa = PBXBuildFile; fileRef = C6BEB122B81230AE438F3065 /* Pods_HomeCaresUITests.framework */; };
		214CBEC7A2601F466AA26F55 /* Pods_HomeCares.framework in Frameworks */ = {isa = PBXBuildFile; fileRef = 49E327B19FF543B125B15A19 /* Pods_HomeCares.framework */; };
		63062C591F114837003C6EB7 /* FindHospitalViewController.swift in Sources */ = {isa = PBXBuildFile; fileRef = 63062C581F114837003C6EB7 /* FindHospitalViewController.swift */; };
		63062C5B1F11485A003C6EB7 /* FindPhamacyViewController.swift in Sources */ = {isa = PBXBuildFile; fileRef = 63062C5A1F11485A003C6EB7 /* FindPhamacyViewController.swift */; };
		63062C5D1F11487F003C6EB7 /* SearchMedicalViewController.swift in Sources */ = {isa = PBXBuildFile; fileRef = 63062C5C1F11487F003C6EB7 /* SearchMedicalViewController.swift */; };
		63062C5F1F114A44003C6EB7 /* SearchDiseaseViewController.swift in Sources */ = {isa = PBXBuildFile; fileRef = 63062C5E1F114A44003C6EB7 /* SearchDiseaseViewController.swift */; };
		63062C611F114D27003C6EB7 /* AppSearchBarViewController.swift in Sources */ = {isa = PBXBuildFile; fileRef = 63062C601F114D27003C6EB7 /* AppSearchBarViewController.swift */; };
		63062C631F11529D003C6EB7 /* AppFABMenuViewController.swift in Sources */ = {isa = PBXBuildFile; fileRef = 63062C621F11529D003C6EB7 /* AppFABMenuViewController.swift */; };
		6306C1F81F0A80E200D03FA3 /* AppDelegate.swift in Sources */ = {isa = PBXBuildFile; fileRef = 6306C1F71F0A80E200D03FA3 /* AppDelegate.swift */; };
		6306C1FD1F0A80E200D03FA3 /* Main.storyboard in Resources */ = {isa = PBXBuildFile; fileRef = 6306C1FB1F0A80E200D03FA3 /* Main.storyboard */; };
		6306C1FF1F0A80E200D03FA3 /* Assets.xcassets in Resources */ = {isa = PBXBuildFile; fileRef = 6306C1FE1F0A80E200D03FA3 /* Assets.xcassets */; };
		6306C2021F0A80E200D03FA3 /* LaunchScreen.storyboard in Resources */ = {isa = PBXBuildFile; fileRef = 6306C2001F0A80E200D03FA3 /* LaunchScreen.storyboard */; };
		6306C20D1F0A80E200D03FA3 /* HomeCaresTests.swift in Sources */ = {isa = PBXBuildFile; fileRef = 6306C20C1F0A80E200D03FA3 /* HomeCaresTests.swift */; };
		6306C2181F0A80E200D03FA3 /* HomeCaresUITests.swift in Sources */ = {isa = PBXBuildFile; fileRef = 6306C2171F0A80E200D03FA3 /* HomeCaresUITests.swift */; };
		631281241F0D147B000D969D /* ProfileViewController.swift in Sources */ = {isa = PBXBuildFile; fileRef = 631281231F0D147B000D969D /* ProfileViewController.swift */; };
		631281261F0D15AD000D969D /* ServiceBookingViewController.swift in Sources */ = {isa = PBXBuildFile; fileRef = 631281251F0D15AD000D969D /* ServiceBookingViewController.swift */; };
		6315562E1F13C19C004FE0A7 /* UserPerson.swift in Sources */ = {isa = PBXBuildFile; fileRef = 6315562D1F13C19C004FE0A7 /* UserPerson.swift */; };
		631556301F13D0A5004FE0A7 /* PostQuestionCell.swift in Sources */ = {isa = PBXBuildFile; fileRef = 6315562F1F13D0A5004FE0A7 /* PostQuestionCell.swift */; };
		631556321F13D0B4004FE0A7 /* QuestionCell.swift in Sources */ = {isa = PBXBuildFile; fileRef = 631556311F13D0B4004FE0A7 /* QuestionCell.swift */; };
		631556341F13D9C9004FE0A7 /* QuestionReplyCell.swift in Sources */ = {isa = PBXBuildFile; fileRef = 631556331F13D9C8004FE0A7 /* QuestionReplyCell.swift */; };
		631556361F13DF60004FE0A7 /* Question.swift in Sources */ = {isa = PBXBuildFile; fileRef = 631556351F13DF60004FE0A7 /* Question.swift */; };
		631D4B271F128A2900990F50 /* Patient.swift in Sources */ = {isa = PBXBuildFile; fileRef = 631D4B261F128A2900990F50 /* Patient.swift */; };
		631D4B291F1294AC00990F50 /* Date+Extension.swift in Sources */ = {isa = PBXBuildFile; fileRef = 631D4B281F1294AC00990F50 /* Date+Extension.swift */; };
		631D4B2B1F12A23200990F50 /* AddMedicalReportBookViewController.swift in Sources */ = {isa = PBXBuildFile; fileRef = 631D4B2A1F12A23200990F50 /* AddMedicalReportBookViewController.swift */; };
		631D4B2D1F12AAEA00990F50 /* BlogDetailViewController.swift in Sources */ = {isa = PBXBuildFile; fileRef = 631D4B2C1F12AAEA00990F50 /* BlogDetailViewController.swift */; };
		631F4B9C1F111A7D00A4CA0F /* MedicalReport.storyboard in Resources */ = {isa = PBXBuildFile; fileRef = 631F4B9B1F111A7D00A4CA0F /* MedicalReport.storyboard */; };
		631F4B9E1F111A9100A4CA0F /* Service.storyboard in Resources */ = {isa = PBXBuildFile; fileRef = 631F4B9D1F111A9100A4CA0F /* Service.storyboard */; };
		631F4BA01F111AA700A4CA0F /* HomePage.storyboard in Resources */ = {isa = PBXBuildFile; fileRef = 631F4B9F1F111AA700A4CA0F /* HomePage.storyboard */; };
		631F4BA21F111AB700A4CA0F /* QuestionAnswer.storyboard in Resources */ = {isa = PBXBuildFile; fileRef = 631F4BA11F111AB700A4CA0F /* QuestionAnswer.storyboard */; };
		631F4BA41F111AC000A4CA0F /* More.storyboard in Resources */ = {isa = PBXBuildFile; fileRef = 631F4BA31F111AC000A4CA0F /* More.storyboard */; };
		631F4BA71F11235A00A4CA0F /* OptionMenuCell.swift in Sources */ = {isa = PBXBuildFile; fileRef = 631F4BA51F11235A00A4CA0F /* OptionMenuCell.swift */; };
		631F4BA81F11235A00A4CA0F /* OptionMenuCell.xib in Resources */ = {isa = PBXBuildFile; fileRef = 631F4BA61F11235A00A4CA0F /* OptionMenuCell.xib */; };
		631F4BAB1F1123DF00A4CA0F /* OptionItemCell.swift in Sources */ = {isa = PBXBuildFile; fileRef = 631F4BA91F1123DF00A4CA0F /* OptionItemCell.swift */; };
		631F4BAC1F1123DF00A4CA0F /* OptionItemCell.xib in Resources */ = {isa = PBXBuildFile; fileRef = 631F4BAA1F1123DF00A4CA0F /* OptionItemCell.xib */; };
		631F4BAE1F11255600A4CA0F /* OptionMenu.swift in Sources */ = {isa = PBXBuildFile; fileRef = 631F4BAD1F11255600A4CA0F /* OptionMenu.swift */; };
		631F4BB11F11303500A4CA0F /* SlideShowCell.swift in Sources */ = {isa = PBXBuildFile; fileRef = 631F4BAF1F11303500A4CA0F /* SlideShowCell.swift */; };
		631F4BB21F11303500A4CA0F /* SlideShowCell.xib in Resources */ = {isa = PBXBuildFile; fileRef = 631F4BB01F11303500A4CA0F /* SlideShowCell.xib */; };
		6322110E1F15028300CC3B90 /* QuestionReplyThank.swift in Sources */ = {isa = PBXBuildFile; fileRef = 6322110D1F15028300CC3B90 /* QuestionReplyThank.swift */; };
		632211101F1503F400CC3B90 /* QuestionReply.swift in Sources */ = {isa = PBXBuildFile; fileRef = 6322110F1F1503F400CC3B90 /* QuestionReply.swift */; };
		632211121F1505CA00CC3B90 /* QuestionThank.swift in Sources */ = {isa = PBXBuildFile; fileRef = 632211111F1505CA00CC3B90 /* QuestionThank.swift */; };
		6326C1AC1F0BCC2D00B60347 /* Montserrat-Black.ttf in Resources */ = {isa = PBXBuildFile; fileRef = 6326C1A81F0BCC2D00B60347 /* Montserrat-Black.ttf */; };
		6326C1AD1F0BCC2D00B60347 /* Montserrat-ExtraLight.ttf in Resources */ = {isa = PBXBuildFile; fileRef = 6326C1A91F0BCC2D00B60347 /* Montserrat-ExtraLight.ttf */; };
		6326C1AE1F0BCC2D00B60347 /* Montserrat-Light.ttf in Resources */ = {isa = PBXBuildFile; fileRef = 6326C1AA1F0BCC2D00B60347 /* Montserrat-Light.ttf */; };
		6326C1AF1F0BCC2D00B60347 /* Montserrat-Regular.ttf in Resources */ = {isa = PBXBuildFile; fileRef = 6326C1AB1F0BCC2D00B60347 /* Montserrat-Regular.ttf */; };
		6326C1B21F0BCCC300B60347 /* LoginViewController.swift in Sources */ = {isa = PBXBuildFile; fileRef = 6326C1B01F0BCCC300B60347 /* LoginViewController.swift */; };
		6326C1B31F0BCCC300B60347 /* MedicalReportBookViewController.swift in Sources */ = {isa = PBXBuildFile; fileRef = 6326C1B11F0BCCC300B60347 /* MedicalReportBookViewController.swift */; };
		6326C1B81F0BCD0E00B60347 /* Bundle+View.swift in Sources */ = {isa = PBXBuildFile; fileRef = 6326C1B41F0BCD0E00B60347 /* Bundle+View.swift */; };
		6326C1B91F0BCD0E00B60347 /* String+View.swift in Sources */ = {isa = PBXBuildFile; fileRef = 6326C1B51F0BCD0E00B60347 /* String+View.swift */; };
		6326C1BA1F0BCD0E00B60347 /* UITextField+View.swift in Sources */ = {isa = PBXBuildFile; fileRef = 6326C1B61F0BCD0E00B60347 /* UITextField+View.swift */; };
		6326C1BB1F0BCD0E00B60347 /* ViewController+Extension.swift in Sources */ = {isa = PBXBuildFile; fileRef = 6326C1B71F0BCD0E00B60347 /* ViewController+Extension.swift */; };
		6326C1C01F0BCD3300B60347 /* ApiHelper.swift in Sources */ = {isa = PBXBuildFile; fileRef = 6326C1BC1F0BCD3300B60347 /* ApiHelper.swift */; };
		6326C1C11F0BCD3300B60347 /* ApiResponse.swift in Sources */ = {isa = PBXBuildFile; fileRef = 6326C1BD1F0BCD3300B60347 /* ApiResponse.swift */; };
		6326C1C21F0BCD3300B60347 /* Configuration.swift in Sources */ = {isa = PBXBuildFile; fileRef = 6326C1BE1F0BCD3300B60347 /* Configuration.swift */; };
		6326C1C31F0BCD3300B60347 /* HomeCaresService.swift in Sources */ = {isa = PBXBuildFile; fileRef = 6326C1BF1F0BCD3300B60347 /* HomeCaresService.swift */; };
		6326C1C51F0BCD5700B60347 /* User.swift in Sources */ = {isa = PBXBuildFile; fileRef = 6326C1C41F0BCD5700B60347 /* User.swift */; };
		6326C1C71F0BCDD900B60347 /* HomePageViewController.swift in Sources */ = {isa = PBXBuildFile; fileRef = 6326C1C61F0BCDD900B60347 /* HomePageViewController.swift */; };
		6326C1C91F0BCE0800B60347 /* ServiceViewController.swift in Sources */ = {isa = PBXBuildFile; fileRef = 6326C1C81F0BCE0800B60347 /* ServiceViewController.swift */; };
		6326C1CB1F0BCE1D00B60347 /* QuestionAnswerViewController.swift in Sources */ = {isa = PBXBuildFile; fileRef = 6326C1CA1F0BCE1D00B60347 /* QuestionAnswerViewController.swift */; };
		6326C1CD1F0BCE2B00B60347 /* MoreViewController.swift in Sources */ = {isa = PBXBuildFile; fileRef = 6326C1CC1F0BCE2B00B60347 /* MoreViewController.swift */; };
		6326C1CF1F0BD85300B60347 /* HomeCareNavigationController.swift in Sources */ = {isa = PBXBuildFile; fileRef = 6326C1CE1F0BD85300B60347 /* HomeCareNavigationController.swift */; };
		6326C1D11F0BD87E00B60347 /* UIColor+Extension.swift in Sources */ = {isa = PBXBuildFile; fileRef = 6326C1D01F0BD87E00B60347 /* UIColor+Extension.swift */; };
		6326C1D31F0BDE0700B60347 /* HomeCareTabbarController.swift in Sources */ = {isa = PBXBuildFile; fileRef = 6326C1D21F0BDE0700B60347 /* HomeCareTabbarController.swift */; };
		6326C1D71F0BEB2100B60347 /* MedicalReportCell.swift in Sources */ = {isa = PBXBuildFile; fileRef = 6326C1D61F0BEB2100B60347 /* MedicalReportCell.swift */; };
		6326C1D91F0BFBC800B60347 /* UITableView+Extension.swift in Sources */ = {isa = PBXBuildFile; fileRef = 6326C1D81F0BFBC800B60347 /* UITableView+Extension.swift */; };
		632A88901F0D4AA300C8EA0F /* ServiceItem.swift in Sources */ = {isa = PBXBuildFile; fileRef = 632A888F1F0D4AA300C8EA0F /* ServiceItem.swift */; };
		632A88921F0D4B2500C8EA0F /* Service.swift in Sources */ = {isa = PBXBuildFile; fileRef = 632A88911F0D4B2500C8EA0F /* Service.swift */; };
		632DFB061F109C1800037FDC /* BlogCell.swift in Sources */ = {isa = PBXBuildFile; fileRef = 632DFB051F109C1800037FDC /* BlogCell.swift */; };
		632DFB0A1F10ADDE00037FDC /* BlogHeaderCell.swift in Sources */ = {isa = PBXBuildFile; fileRef = 632DFB091F10ADDE00037FDC /* BlogHeaderCell.swift */; };
		632DFB0C1F10B3FB00037FDC /* Blog.swift in Sources */ = {isa = PBXBuildFile; fileRef = 632DFB0B1F10B3FB00037FDC /* Blog.swift */; };
		6340A5CA1F0FCD310021F1C8 /* ServiceMenuCell.swift in Sources */ = {isa = PBXBuildFile; fileRef = 6340A5C81F0FCD310021F1C8 /* ServiceMenuCell.swift */; };
		6340A5CB1F0FCD310021F1C8 /* ServiceMenuCell.xib in Resources */ = {isa = PBXBuildFile; fileRef = 6340A5C91F0FCD310021F1C8 /* ServiceMenuCell.xib */; };
		6340A5CE1F0FCF8A0021F1C8 /* ServiceItemCell.swift in Sources */ = {isa = PBXBuildFile; fileRef = 6340A5CC1F0FCF8A0021F1C8 /* ServiceItemCell.swift */; };
		6340A5CF1F0FCF8A0021F1C8 /* ServiceItemCell.xib in Resources */ = {isa = PBXBuildFile; fileRef = 6340A5CD1F0FCF8A0021F1C8 /* ServiceItemCell.xib */; };
		6340A5D11F0FD6310021F1C8 /* IntroduceCell.swift in Sources */ = {isa = PBXBuildFile; fileRef = 6340A5D01F0FD6310021F1C8 /* IntroduceCell.swift */; };
		6340A5D31F0FDB980021F1C8 /* ServiceItem.plist in Resources */ = {isa = PBXBuildFile; fileRef = 6340A5D21F0FDB980021F1C8 /* ServiceItem.plist */; };
		6340A5D71F0FEF340021F1C8 /* ServiceDetailViewController.swift in Sources */ = {isa = PBXBuildFile; fileRef = 6340A5D61F0FEF340021F1C8 /* ServiceDetailViewController.swift */; };
		6340A5DC1F100AD10021F1C8 /* ServiceDetailCell.swift in Sources */ = {isa = PBXBuildFile; fileRef = 6340A5DA1F100AD10021F1C8 /* ServiceDetailCell.swift */; };
		6340A5DD1F100AD10021F1C8 /* ServiceDetailCell.xib in Resources */ = {isa = PBXBuildFile; fileRef = 6340A5DB1F100AD10021F1C8 /* ServiceDetailCell.xib */; };
		6355F8051F16784C00735778 /* RegisterViewController.swift in Sources */ = {isa = PBXBuildFile; fileRef = 6355F8041F16784C00735778 /* RegisterViewController.swift */; };
		6371CC0A1F0C02C20070998D /* MenuViewController.swift in Sources */ = {isa = PBXBuildFile; fileRef = 6371CC091F0C02C20070998D /* MenuViewController.swift */; };
		639AFB4E1F1529A800AC075D /* UserDefault+Extension.swift in Sources */ = {isa = PBXBuildFile; fileRef = 639AFB4D1F1529A800AC075D /* UserDefault+Extension.swift */; };
		639AFB501F15314F00AC075D /* PostQuestionReplyCell.swift in Sources */ = {isa = PBXBuildFile; fileRef = 639AFB4F1F15314F00AC075D /* PostQuestionReplyCell.swift */; };
		63E5246A1F122E63009647F4 /* DateHelper.swift in Sources */ = {isa = PBXBuildFile; fileRef = 63E524691F122E63009647F4 /* DateHelper.swift */; };
		DB789CF412412B403EB7A627 /* Pods_HomeCaresTests.framework in Frameworks */ = {isa = PBXBuildFile; fileRef = C0E8AB8CE24318DC4FAF7953 /* Pods_HomeCaresTests.framework */; };
/* End PBXBuildFile section */

/* Begin PBXContainerItemProxy section */
		6306C2091F0A80E200D03FA3 /* PBXContainerItemProxy */ = {
			isa = PBXContainerItemProxy;
			containerPortal = 6306C1EC1F0A80E100D03FA3 /* Project object */;
			proxyType = 1;
			remoteGlobalIDString = 6306C1F31F0A80E200D03FA3;
			remoteInfo = HomeCares;
		};
		6306C2141F0A80E200D03FA3 /* PBXContainerItemProxy */ = {
			isa = PBXContainerItemProxy;
			containerPortal = 6306C1EC1F0A80E100D03FA3 /* Project object */;
			proxyType = 1;
			remoteGlobalIDString = 6306C1F31F0A80E200D03FA3;
			remoteInfo = HomeCares;
		};
/* End PBXContainerItemProxy section */

/* Begin PBXFileReference section */
		00A176CDBD54D0022D0C7D6A /* Pods-HomeCaresTests.debug.xcconfig */ = {isa = PBXFileReference; includeInIndex = 1; lastKnownFileType = text.xcconfig; name = "Pods-HomeCaresTests.debug.xcconfig"; path = "Pods/Target Support Files/Pods-HomeCaresTests/Pods-HomeCaresTests.debug.xcconfig"; sourceTree = "<group>"; };
		49E327B19FF543B125B15A19 /* Pods_HomeCares.framework */ = {isa = PBXFileReference; explicitFileType = wrapper.framework; includeInIndex = 0; path = Pods_HomeCares.framework; sourceTree = BUILT_PRODUCTS_DIR; };
		63062C581F114837003C6EB7 /* FindHospitalViewController.swift */ = {isa = PBXFileReference; fileEncoding = 4; lastKnownFileType = sourcecode.swift; path = FindHospitalViewController.swift; sourceTree = "<group>"; };
		63062C5A1F11485A003C6EB7 /* FindPhamacyViewController.swift */ = {isa = PBXFileReference; fileEncoding = 4; lastKnownFileType = sourcecode.swift; path = FindPhamacyViewController.swift; sourceTree = "<group>"; };
		63062C5C1F11487F003C6EB7 /* SearchMedicalViewController.swift */ = {isa = PBXFileReference; fileEncoding = 4; lastKnownFileType = sourcecode.swift; path = SearchMedicalViewController.swift; sourceTree = "<group>"; };
		63062C5E1F114A44003C6EB7 /* SearchDiseaseViewController.swift */ = {isa = PBXFileReference; fileEncoding = 4; lastKnownFileType = sourcecode.swift; path = SearchDiseaseViewController.swift; sourceTree = "<group>"; };
		63062C601F114D27003C6EB7 /* AppSearchBarViewController.swift */ = {isa = PBXFileReference; fileEncoding = 4; lastKnownFileType = sourcecode.swift; path = AppSearchBarViewController.swift; sourceTree = "<group>"; };
		63062C621F11529D003C6EB7 /* AppFABMenuViewController.swift */ = {isa = PBXFileReference; fileEncoding = 4; lastKnownFileType = sourcecode.swift; path = AppFABMenuViewController.swift; sourceTree = "<group>"; };
		6306C1F41F0A80E200D03FA3 /* HomeCares.app */ = {isa = PBXFileReference; explicitFileType = wrapper.application; includeInIndex = 0; path = HomeCares.app; sourceTree = BUILT_PRODUCTS_DIR; };
		6306C1F71F0A80E200D03FA3 /* AppDelegate.swift */ = {isa = PBXFileReference; lastKnownFileType = sourcecode.swift; path = AppDelegate.swift; sourceTree = "<group>"; };
		6306C1FC1F0A80E200D03FA3 /* Base */ = {isa = PBXFileReference; lastKnownFileType = file.storyboard; name = Base; path = Base.lproj/Main.storyboard; sourceTree = "<group>"; };
		6306C1FE1F0A80E200D03FA3 /* Assets.xcassets */ = {isa = PBXFileReference; lastKnownFileType = folder.assetcatalog; path = Assets.xcassets; sourceTree = "<group>"; };
		6306C2011F0A80E200D03FA3 /* Base */ = {isa = PBXFileReference; lastKnownFileType = file.storyboard; name = Base; path = Base.lproj/LaunchScreen.storyboard; sourceTree = "<group>"; };
		6306C2031F0A80E200D03FA3 /* Info.plist */ = {isa = PBXFileReference; lastKnownFileType = text.plist.xml; path = Info.plist; sourceTree = "<group>"; };
		6306C2081F0A80E200D03FA3 /* HomeCaresTests.xctest */ = {isa = PBXFileReference; explicitFileType = wrapper.cfbundle; includeInIndex = 0; path = HomeCaresTests.xctest; sourceTree = BUILT_PRODUCTS_DIR; };
		6306C20C1F0A80E200D03FA3 /* HomeCaresTests.swift */ = {isa = PBXFileReference; lastKnownFileType = sourcecode.swift; path = HomeCaresTests.swift; sourceTree = "<group>"; };
		6306C20E1F0A80E200D03FA3 /* Info.plist */ = {isa = PBXFileReference; lastKnownFileType = text.plist.xml; path = Info.plist; sourceTree = "<group>"; };
		6306C2131F0A80E200D03FA3 /* HomeCaresUITests.xctest */ = {isa = PBXFileReference; explicitFileType = wrapper.cfbundle; includeInIndex = 0; path = HomeCaresUITests.xctest; sourceTree = BUILT_PRODUCTS_DIR; };
		6306C2171F0A80E200D03FA3 /* HomeCaresUITests.swift */ = {isa = PBXFileReference; lastKnownFileType = sourcecode.swift; path = HomeCaresUITests.swift; sourceTree = "<group>"; };
		6306C2191F0A80E200D03FA3 /* Info.plist */ = {isa = PBXFileReference; lastKnownFileType = text.plist.xml; path = Info.plist; sourceTree = "<group>"; };
		631281231F0D147B000D969D /* ProfileViewController.swift */ = {isa = PBXFileReference; fileEncoding = 4; lastKnownFileType = sourcecode.swift; path = ProfileViewController.swift; sourceTree = "<group>"; };
		631281251F0D15AD000D969D /* ServiceBookingViewController.swift */ = {isa = PBXFileReference; fileEncoding = 4; lastKnownFileType = sourcecode.swift; path = ServiceBookingViewController.swift; sourceTree = "<group>"; };
		6315562D1F13C19C004FE0A7 /* UserPerson.swift */ = {isa = PBXFileReference; fileEncoding = 4; lastKnownFileType = sourcecode.swift; path = UserPerson.swift; sourceTree = "<group>"; };
		6315562F1F13D0A5004FE0A7 /* PostQuestionCell.swift */ = {isa = PBXFileReference; fileEncoding = 4; lastKnownFileType = sourcecode.swift; path = PostQuestionCell.swift; sourceTree = "<group>"; };
		631556311F13D0B4004FE0A7 /* QuestionCell.swift */ = {isa = PBXFileReference; fileEncoding = 4; lastKnownFileType = sourcecode.swift; path = QuestionCell.swift; sourceTree = "<group>"; };
		631556331F13D9C8004FE0A7 /* QuestionReplyCell.swift */ = {isa = PBXFileReference; fileEncoding = 4; lastKnownFileType = sourcecode.swift; path = QuestionReplyCell.swift; sourceTree = "<group>"; };
		631556351F13DF60004FE0A7 /* Question.swift */ = {isa = PBXFileReference; fileEncoding = 4; lastKnownFileType = sourcecode.swift; path = Question.swift; sourceTree = "<group>"; };
		631D4B261F128A2900990F50 /* Patient.swift */ = {isa = PBXFileReference; fileEncoding = 4; lastKnownFileType = sourcecode.swift; path = Patient.swift; sourceTree = "<group>"; };
		631D4B281F1294AC00990F50 /* Date+Extension.swift */ = {isa = PBXFileReference; fileEncoding = 4; lastKnownFileType = sourcecode.swift; path = "Date+Extension.swift"; sourceTree = "<group>"; };
		631D4B2A1F12A23200990F50 /* AddMedicalReportBookViewController.swift */ = {isa = PBXFileReference; fileEncoding = 4; lastKnownFileType = sourcecode.swift; path = AddMedicalReportBookViewController.swift; sourceTree = "<group>"; };
		631D4B2C1F12AAEA00990F50 /* BlogDetailViewController.swift */ = {isa = PBXFileReference; fileEncoding = 4; lastKnownFileType = sourcecode.swift; path = BlogDetailViewController.swift; sourceTree = "<group>"; };
		631F4B9B1F111A7D00A4CA0F /* MedicalReport.storyboard */ = {isa = PBXFileReference; fileEncoding = 4; lastKnownFileType = file.storyboard; path = MedicalReport.storyboard; sourceTree = "<group>"; };
		631F4B9D1F111A9100A4CA0F /* Service.storyboard */ = {isa = PBXFileReference; fileEncoding = 4; lastKnownFileType = file.storyboard; path = Service.storyboard; sourceTree = "<group>"; };
		631F4B9F1F111AA700A4CA0F /* HomePage.storyboard */ = {isa = PBXFileReference; fileEncoding = 4; lastKnownFileType = file.storyboard; path = HomePage.storyboard; sourceTree = "<group>"; };
		631F4BA11F111AB700A4CA0F /* QuestionAnswer.storyboard */ = {isa = PBXFileReference; fileEncoding = 4; lastKnownFileType = file.storyboard; path = QuestionAnswer.storyboard; sourceTree = "<group>"; };
		631F4BA31F111AC000A4CA0F /* More.storyboard */ = {isa = PBXFileReference; fileEncoding = 4; lastKnownFileType = file.storyboard; path = More.storyboard; sourceTree = "<group>"; };
		631F4BA51F11235A00A4CA0F /* OptionMenuCell.swift */ = {isa = PBXFileReference; fileEncoding = 4; lastKnownFileType = sourcecode.swift; path = OptionMenuCell.swift; sourceTree = "<group>"; };
		631F4BA61F11235A00A4CA0F /* OptionMenuCell.xib */ = {isa = PBXFileReference; fileEncoding = 4; lastKnownFileType = file.xib; path = OptionMenuCell.xib; sourceTree = "<group>"; };
		631F4BA91F1123DF00A4CA0F /* OptionItemCell.swift */ = {isa = PBXFileReference; fileEncoding = 4; lastKnownFileType = sourcecode.swift; path = OptionItemCell.swift; sourceTree = "<group>"; };
		631F4BAA1F1123DF00A4CA0F /* OptionItemCell.xib */ = {isa = PBXFileReference; fileEncoding = 4; lastKnownFileType = file.xib; path = OptionItemCell.xib; sourceTree = "<group>"; };
		631F4BAD1F11255600A4CA0F /* OptionMenu.swift */ = {isa = PBXFileReference; fileEncoding = 4; lastKnownFileType = sourcecode.swift; path = OptionMenu.swift; sourceTree = "<group>"; };
		631F4BAF1F11303500A4CA0F /* SlideShowCell.swift */ = {isa = PBXFileReference; fileEncoding = 4; lastKnownFileType = sourcecode.swift; path = SlideShowCell.swift; sourceTree = "<group>"; };
		631F4BB01F11303500A4CA0F /* SlideShowCell.xib */ = {isa = PBXFileReference; fileEncoding = 4; lastKnownFileType = file.xib; path = SlideShowCell.xib; sourceTree = "<group>"; };
		6322110D1F15028300CC3B90 /* QuestionReplyThank.swift */ = {isa = PBXFileReference; fileEncoding = 4; lastKnownFileType = sourcecode.swift; path = QuestionReplyThank.swift; sourceTree = "<group>"; };
		6322110F1F1503F400CC3B90 /* QuestionReply.swift */ = {isa = PBXFileReference; fileEncoding = 4; lastKnownFileType = sourcecode.swift; path = QuestionReply.swift; sourceTree = "<group>"; };
		632211111F1505CA00CC3B90 /* QuestionThank.swift */ = {isa = PBXFileReference; fileEncoding = 4; lastKnownFileType = sourcecode.swift; path = QuestionThank.swift; sourceTree = "<group>"; };
		6326C1A81F0BCC2D00B60347 /* Montserrat-Black.ttf */ = {isa = PBXFileReference; lastKnownFileType = file; name = "Montserrat-Black.ttf"; path = "Resource/Montserrat/Montserrat-Black.ttf"; sourceTree = "<group>"; };
		6326C1A91F0BCC2D00B60347 /* Montserrat-ExtraLight.ttf */ = {isa = PBXFileReference; lastKnownFileType = file; name = "Montserrat-ExtraLight.ttf"; path = "Resource/Montserrat/Montserrat-ExtraLight.ttf"; sourceTree = "<group>"; };
		6326C1AA1F0BCC2D00B60347 /* Montserrat-Light.ttf */ = {isa = PBXFileReference; lastKnownFileType = file; name = "Montserrat-Light.ttf"; path = "Resource/Montserrat/Montserrat-Light.ttf"; sourceTree = "<group>"; };
		6326C1AB1F0BCC2D00B60347 /* Montserrat-Regular.ttf */ = {isa = PBXFileReference; lastKnownFileType = file; name = "Montserrat-Regular.ttf"; path = "Resource/Montserrat/Montserrat-Regular.ttf"; sourceTree = "<group>"; };
		6326C1B01F0BCCC300B60347 /* LoginViewController.swift */ = {isa = PBXFileReference; fileEncoding = 4; lastKnownFileType = sourcecode.swift; name = LoginViewController.swift; path = View/Controller/LoginViewController.swift; sourceTree = "<group>"; };
		6326C1B11F0BCCC300B60347 /* MedicalReportBookViewController.swift */ = {isa = PBXFileReference; fileEncoding = 4; lastKnownFileType = sourcecode.swift; name = MedicalReportBookViewController.swift; path = View/Controller/MedicalReportBookViewController.swift; sourceTree = "<group>"; };
		6326C1B41F0BCD0E00B60347 /* Bundle+View.swift */ = {isa = PBXFileReference; fileEncoding = 4; lastKnownFileType = sourcecode.swift; name = "Bundle+View.swift"; path = "View/Extension/Bundle+View.swift"; sourceTree = "<group>"; };
		6326C1B51F0BCD0E00B60347 /* String+View.swift */ = {isa = PBXFileReference; fileEncoding = 4; lastKnownFileType = sourcecode.swift; name = "String+View.swift"; path = "View/Extension/String+View.swift"; sourceTree = "<group>"; };
		6326C1B61F0BCD0E00B60347 /* UITextField+View.swift */ = {isa = PBXFileReference; fileEncoding = 4; lastKnownFileType = sourcecode.swift; name = "UITextField+View.swift"; path = "View/Extension/UITextField+View.swift"; sourceTree = "<group>"; };
		6326C1B71F0BCD0E00B60347 /* ViewController+Extension.swift */ = {isa = PBXFileReference; fileEncoding = 4; lastKnownFileType = sourcecode.swift; name = "ViewController+Extension.swift"; path = "View/Extension/ViewController+Extension.swift"; sourceTree = "<group>"; };
		6326C1BC1F0BCD3300B60347 /* ApiHelper.swift */ = {isa = PBXFileReference; fileEncoding = 4; lastKnownFileType = sourcecode.swift; name = ApiHelper.swift; path = Service/ApiHelper.swift; sourceTree = "<group>"; };
		6326C1BD1F0BCD3300B60347 /* ApiResponse.swift */ = {isa = PBXFileReference; fileEncoding = 4; lastKnownFileType = sourcecode.swift; name = ApiResponse.swift; path = Service/ApiResponse.swift; sourceTree = "<group>"; };
		6326C1BE1F0BCD3300B60347 /* Configuration.swift */ = {isa = PBXFileReference; fileEncoding = 4; lastKnownFileType = sourcecode.swift; name = Configuration.swift; path = Service/Configuration.swift; sourceTree = "<group>"; };
		6326C1BF1F0BCD3300B60347 /* HomeCaresService.swift */ = {isa = PBXFileReference; fileEncoding = 4; lastKnownFileType = sourcecode.swift; name = HomeCaresService.swift; path = Service/HomeCaresService.swift; sourceTree = "<group>"; };
		6326C1C41F0BCD5700B60347 /* User.swift */ = {isa = PBXFileReference; fileEncoding = 4; lastKnownFileType = sourcecode.swift; name = User.swift; path = Model/User.swift; sourceTree = "<group>"; };
		6326C1C61F0BCDD900B60347 /* HomePageViewController.swift */ = {isa = PBXFileReference; fileEncoding = 4; lastKnownFileType = sourcecode.swift; name = HomePageViewController.swift; path = View/Controller/HomePageViewController.swift; sourceTree = "<group>"; };
		6326C1C81F0BCE0800B60347 /* ServiceViewController.swift */ = {isa = PBXFileReference; fileEncoding = 4; lastKnownFileType = sourcecode.swift; name = ServiceViewController.swift; path = View/Controller/ServiceViewController.swift; sourceTree = "<group>"; };
		6326C1CA1F0BCE1D00B60347 /* QuestionAnswerViewController.swift */ = {isa = PBXFileReference; fileEncoding = 4; lastKnownFileType = sourcecode.swift; path = QuestionAnswerViewController.swift; sourceTree = "<group>"; };
		6326C1CC1F0BCE2B00B60347 /* MoreViewController.swift */ = {isa = PBXFileReference; fileEncoding = 4; lastKnownFileType = sourcecode.swift; path = MoreViewController.swift; sourceTree = "<group>"; };
		6326C1CE1F0BD85300B60347 /* HomeCareNavigationController.swift */ = {isa = PBXFileReference; fileEncoding = 4; lastKnownFileType = sourcecode.swift; path = HomeCareNavigationController.swift; sourceTree = "<group>"; };
		6326C1D01F0BD87E00B60347 /* UIColor+Extension.swift */ = {isa = PBXFileReference; fileEncoding = 4; lastKnownFileType = sourcecode.swift; name = "UIColor+Extension.swift"; path = "View/Extension/UIColor+Extension.swift"; sourceTree = "<group>"; };
		6326C1D21F0BDE0700B60347 /* HomeCareTabbarController.swift */ = {isa = PBXFileReference; fileEncoding = 4; lastKnownFileType = sourcecode.swift; path = HomeCareTabbarController.swift; sourceTree = "<group>"; };
		6326C1D61F0BEB2100B60347 /* MedicalReportCell.swift */ = {isa = PBXFileReference; fileEncoding = 4; lastKnownFileType = sourcecode.swift; path = MedicalReportCell.swift; sourceTree = "<group>"; };
		6326C1D81F0BFBC800B60347 /* UITableView+Extension.swift */ = {isa = PBXFileReference; fileEncoding = 4; lastKnownFileType = sourcecode.swift; path = "UITableView+Extension.swift"; sourceTree = "<group>"; };
		632A888F1F0D4AA300C8EA0F /* ServiceItem.swift */ = {isa = PBXFileReference; fileEncoding = 4; lastKnownFileType = sourcecode.swift; path = ServiceItem.swift; sourceTree = "<group>"; };
		632A88911F0D4B2500C8EA0F /* Service.swift */ = {isa = PBXFileReference; fileEncoding = 4; lastKnownFileType = sourcecode.swift; path = Service.swift; sourceTree = "<group>"; };
		632DFB051F109C1800037FDC /* BlogCell.swift */ = {isa = PBXFileReference; fileEncoding = 4; lastKnownFileType = sourcecode.swift; path = BlogCell.swift; sourceTree = "<group>"; };
		632DFB091F10ADDE00037FDC /* BlogHeaderCell.swift */ = {isa = PBXFileReference; fileEncoding = 4; lastKnownFileType = sourcecode.swift; path = BlogHeaderCell.swift; sourceTree = "<group>"; };
		632DFB0B1F10B3FB00037FDC /* Blog.swift */ = {isa = PBXFileReference; fileEncoding = 4; lastKnownFileType = sourcecode.swift; path = Blog.swift; sourceTree = "<group>"; };
		6340A5C81F0FCD310021F1C8 /* ServiceMenuCell.swift */ = {isa = PBXFileReference; fileEncoding = 4; lastKnownFileType = sourcecode.swift; path = ServiceMenuCell.swift; sourceTree = "<group>"; };
		6340A5C91F0FCD310021F1C8 /* ServiceMenuCell.xib */ = {isa = PBXFileReference; fileEncoding = 4; lastKnownFileType = file.xib; path = ServiceMenuCell.xib; sourceTree = "<group>"; };
		6340A5CC1F0FCF8A0021F1C8 /* ServiceItemCell.swift */ = {isa = PBXFileReference; fileEncoding = 4; lastKnownFileType = sourcecode.swift; path = ServiceItemCell.swift; sourceTree = "<group>"; };
		6340A5CD1F0FCF8A0021F1C8 /* ServiceItemCell.xib */ = {isa = PBXFileReference; fileEncoding = 4; lastKnownFileType = file.xib; path = ServiceItemCell.xib; sourceTree = "<group>"; };
		6340A5D01F0FD6310021F1C8 /* IntroduceCell.swift */ = {isa = PBXFileReference; fileEncoding = 4; lastKnownFileType = sourcecode.swift; path = IntroduceCell.swift; sourceTree = "<group>"; };
		6340A5D21F0FDB980021F1C8 /* ServiceItem.plist */ = {isa = PBXFileReference; fileEncoding = 4; lastKnownFileType = text.plist.xml; path = ServiceItem.plist; sourceTree = "<group>"; };
		6340A5D61F0FEF340021F1C8 /* ServiceDetailViewController.swift */ = {isa = PBXFileReference; fileEncoding = 4; lastKnownFileType = sourcecode.swift; path = ServiceDetailViewController.swift; sourceTree = "<group>"; };
		6340A5DA1F100AD10021F1C8 /* ServiceDetailCell.swift */ = {isa = PBXFileReference; fileEncoding = 4; lastKnownFileType = sourcecode.swift; path = ServiceDetailCell.swift; sourceTree = "<group>"; };
		6340A5DB1F100AD10021F1C8 /* ServiceDetailCell.xib */ = {isa = PBXFileReference; fileEncoding = 4; lastKnownFileType = file.xib; path = ServiceDetailCell.xib; sourceTree = "<group>"; };
		6355F8041F16784C00735778 /* RegisterViewController.swift */ = {isa = PBXFileReference; fileEncoding = 4; lastKnownFileType = sourcecode.swift; path = RegisterViewController.swift; sourceTree = "<group>"; };
		6371CC091F0C02C20070998D /* MenuViewController.swift */ = {isa = PBXFileReference; fileEncoding = 4; lastKnownFileType = sourcecode.swift; path = MenuViewController.swift; sourceTree = "<group>"; };
		639AFB4D1F1529A800AC075D /* UserDefault+Extension.swift */ = {isa = PBXFileReference; fileEncoding = 4; lastKnownFileType = sourcecode.swift; path = "UserDefault+Extension.swift"; sourceTree = "<group>"; };
		639AFB4F1F15314F00AC075D /* PostQuestionReplyCell.swift */ = {isa = PBXFileReference; fileEncoding = 4; lastKnownFileType = sourcecode.swift; path = PostQuestionReplyCell.swift; sourceTree = "<group>"; };
		63E524691F122E63009647F4 /* DateHelper.swift */ = {isa = PBXFileReference; fileEncoding = 4; lastKnownFileType = sourcecode.swift; path = DateHelper.swift; sourceTree = "<group>"; };
		6684F1EC2FD063933B972579 /* Pods-HomeCaresUITests.debug.xcconfig */ = {isa = PBXFileReference; includeInIndex = 1; lastKnownFileType = text.xcconfig; name = "Pods-HomeCaresUITests.debug.xcconfig"; path = "Pods/Target Support Files/Pods-HomeCaresUITests/Pods-HomeCaresUITests.debug.xcconfig"; sourceTree = "<group>"; };
		A167C86D9A8451DA97F56B44 /* Pods-HomeCares.release.xcconfig */ = {isa = PBXFileReference; includeInIndex = 1; lastKnownFileType = text.xcconfig; name = "Pods-HomeCares.release.xcconfig"; path = "Pods/Target Support Files/Pods-HomeCares/Pods-HomeCares.release.xcconfig"; sourceTree = "<group>"; };
		AF5F08CA95020C7108C92832 /* Pods-HomeCaresUITests.release.xcconfig */ = {isa = PBXFileReference; includeInIndex = 1; lastKnownFileType = text.xcconfig; name = "Pods-HomeCaresUITests.release.xcconfig"; path = "Pods/Target Support Files/Pods-HomeCaresUITests/Pods-HomeCaresUITests.release.xcconfig"; sourceTree = "<group>"; };
		C0E8AB8CE24318DC4FAF7953 /* Pods_HomeCaresTests.framework */ = {isa = PBXFileReference; explicitFileType = wrapper.framework; includeInIndex = 0; path = Pods_HomeCaresTests.framework; sourceTree = BUILT_PRODUCTS_DIR; };
		C6BEB122B81230AE438F3065 /* Pods_HomeCaresUITests.framework */ = {isa = PBXFileReference; explicitFileType = wrapper.framework; includeInIndex = 0; path = Pods_HomeCaresUITests.framework; sourceTree = BUILT_PRODUCTS_DIR; };
		D81E8AC470973F989DDD294D /* Pods-HomeCaresTests.release.xcconfig */ = {isa = PBXFileReference; includeInIndex = 1; lastKnownFileType = text.xcconfig; name = "Pods-HomeCaresTests.release.xcconfig"; path = "Pods/Target Support Files/Pods-HomeCaresTests/Pods-HomeCaresTests.release.xcconfig"; sourceTree = "<group>"; };
		DF370D621B70E6D1001C27E5 /* Pods-HomeCares.debug.xcconfig */ = {isa = PBXFileReference; includeInIndex = 1; lastKnownFileType = text.xcconfig; name = "Pods-HomeCares.debug.xcconfig"; path = "Pods/Target Support Files/Pods-HomeCares/Pods-HomeCares.debug.xcconfig"; sourceTree = "<group>"; };
/* End PBXFileReference section */

/* Begin PBXFrameworksBuildPhase section */
		6306C1F11F0A80E200D03FA3 /* Frameworks */ = {
			isa = PBXFrameworksBuildPhase;
			buildActionMask = 2147483647;
			files = (
				214CBEC7A2601F466AA26F55 /* Pods_HomeCares.framework in Frameworks */,
			);
			runOnlyForDeploymentPostprocessing = 0;
		};
		6306C2051F0A80E200D03FA3 /* Frameworks */ = {
			isa = PBXFrameworksBuildPhase;
			buildActionMask = 2147483647;
			files = (
				DB789CF412412B403EB7A627 /* Pods_HomeCaresTests.framework in Frameworks */,
			);
			runOnlyForDeploymentPostprocessing = 0;
		};
		6306C2101F0A80E200D03FA3 /* Frameworks */ = {
			isa = PBXFrameworksBuildPhase;
			buildActionMask = 2147483647;
			files = (
				13F02D95D237527A7F9BAB6A /* Pods_HomeCaresUITests.framework in Frameworks */,
			);
			runOnlyForDeploymentPostprocessing = 0;
		};
/* End PBXFrameworksBuildPhase section */

/* Begin PBXGroup section */
		6306C1EB1F0A80E100D03FA3 = {
			isa = PBXGroup;
			children = (
				6306C1F61F0A80E200D03FA3 /* HomeCares */,
				6306C20B1F0A80E200D03FA3 /* HomeCaresTests */,
				6306C2161F0A80E200D03FA3 /* HomeCaresUITests */,
				6306C1F51F0A80E200D03FA3 /* Products */,
				AF856C64B66734E78B7295BB /* Pods */,
				B1279A7CDDA4DE9925AB9006 /* Frameworks */,
			);
			sourceTree = "<group>";
		};
		6306C1F51F0A80E200D03FA3 /* Products */ = {
			isa = PBXGroup;
			children = (
				6306C1F41F0A80E200D03FA3 /* HomeCares.app */,
				6306C2081F0A80E200D03FA3 /* HomeCaresTests.xctest */,
				6306C2131F0A80E200D03FA3 /* HomeCaresUITests.xctest */,
			);
			name = Products;
			sourceTree = "<group>";
		};
		6306C1F61F0A80E200D03FA3 /* HomeCares */ = {
			isa = PBXGroup;
			children = (
				6306C22D1F0A8BC500D03FA3 /* Resource */,
				6306C22B1F0A89A700D03FA3 /* View */,
				6306C22A1F0A844000D03FA3 /* Service */,
				6306C2291F0A843A00D03FA3 /* Model */,
				6306C2261F0A837A00D03FA3 /* SupportFile */,
				6306C2251F0A836000D03FA3 /* Storyboard */,
				6306C1F71F0A80E200D03FA3 /* AppDelegate.swift */,
			);
			path = HomeCares;
			sourceTree = "<group>";
		};
		6306C20B1F0A80E200D03FA3 /* HomeCaresTests */ = {
			isa = PBXGroup;
			children = (
				6306C20C1F0A80E200D03FA3 /* HomeCaresTests.swift */,
				6306C20E1F0A80E200D03FA3 /* Info.plist */,
			);
			path = HomeCaresTests;
			sourceTree = "<group>";
		};
		6306C2161F0A80E200D03FA3 /* HomeCaresUITests */ = {
			isa = PBXGroup;
			children = (
				6306C2171F0A80E200D03FA3 /* HomeCaresUITests.swift */,
				6306C2191F0A80E200D03FA3 /* Info.plist */,
			);
			path = HomeCaresUITests;
			sourceTree = "<group>";
		};
		6306C2251F0A836000D03FA3 /* Storyboard */ = {
			isa = PBXGroup;
			children = (
				6306C2001F0A80E200D03FA3 /* LaunchScreen.storyboard */,
				6306C1FB1F0A80E200D03FA3 /* Main.storyboard */,
				631F4B9B1F111A7D00A4CA0F /* MedicalReport.storyboard */,
				631F4B9D1F111A9100A4CA0F /* Service.storyboard */,
				631F4B9F1F111AA700A4CA0F /* HomePage.storyboard */,
				631F4BA11F111AB700A4CA0F /* QuestionAnswer.storyboard */,
				631F4BA31F111AC000A4CA0F /* More.storyboard */,
			);
			name = Storyboard;
			sourceTree = "<group>";
		};
		6306C2261F0A837A00D03FA3 /* SupportFile */ = {
			isa = PBXGroup;
			children = (
				6306C2031F0A80E200D03FA3 /* Info.plist */,
				6340A5D21F0FDB980021F1C8 /* ServiceItem.plist */,
				6306C1FE1F0A80E200D03FA3 /* Assets.xcassets */,
			);
			name = SupportFile;
			sourceTree = "<group>";
		};
		6306C2271F0A838D00D03FA3 /* Controller */ = {
			isa = PBXGroup;
			children = (
				6326C1B01F0BCCC300B60347 /* LoginViewController.swift */,
				6326C1B11F0BCCC300B60347 /* MedicalReportBookViewController.swift */,
				6326C1C61F0BCDD900B60347 /* HomePageViewController.swift */,
				6326C1C81F0BCE0800B60347 /* ServiceViewController.swift */,
				6326C1CA1F0BCE1D00B60347 /* QuestionAnswerViewController.swift */,
				6326C1CC1F0BCE2B00B60347 /* MoreViewController.swift */,
				6371CC091F0C02C20070998D /* MenuViewController.swift */,
				631281231F0D147B000D969D /* ProfileViewController.swift */,
				631281251F0D15AD000D969D /* ServiceBookingViewController.swift */,
				6340A5D61F0FEF340021F1C8 /* ServiceDetailViewController.swift */,
				63062C581F114837003C6EB7 /* FindHospitalViewController.swift */,
				63062C5A1F11485A003C6EB7 /* FindPhamacyViewController.swift */,
				63062C5C1F11487F003C6EB7 /* SearchMedicalViewController.swift */,
				63062C5E1F114A44003C6EB7 /* SearchDiseaseViewController.swift */,
				63062C601F114D27003C6EB7 /* AppSearchBarViewController.swift */,
				63062C621F11529D003C6EB7 /* AppFABMenuViewController.swift */,
				631D4B2A1F12A23200990F50 /* AddMedicalReportBookViewController.swift */,
				631D4B2C1F12AAEA00990F50 /* BlogDetailViewController.swift */,
				6355F8041F16784C00735778 /* RegisterViewController.swift */,
			);
			name = Controller;
			sourceTree = "<group>";
		};
		6306C2281F0A842D00D03FA3 /* Extension */ = {
			isa = PBXGroup;
			children = (
				6326C1B41F0BCD0E00B60347 /* Bundle+View.swift */,
				6326C1B51F0BCD0E00B60347 /* String+View.swift */,
				6326C1B61F0BCD0E00B60347 /* UITextField+View.swift */,
				6326C1B71F0BCD0E00B60347 /* ViewController+Extension.swift */,
				6326C1D01F0BD87E00B60347 /* UIColor+Extension.swift */,
				6326C1D81F0BFBC800B60347 /* UITableView+Extension.swift */,
				631D4B281F1294AC00990F50 /* Date+Extension.swift */,
				639AFB4D1F1529A800AC075D /* UserDefault+Extension.swift */,
			);
			name = Extension;
			sourceTree = "<group>";
		};
		6306C2291F0A843A00D03FA3 /* Model */ = {
			isa = PBXGroup;
			children = (
				6326C1C41F0BCD5700B60347 /* User.swift */,
				632A888F1F0D4AA300C8EA0F /* ServiceItem.swift */,
				632A88911F0D4B2500C8EA0F /* Service.swift */,
				632DFB0B1F10B3FB00037FDC /* Blog.swift */,
				631F4BAD1F11255600A4CA0F /* OptionMenu.swift */,
				631D4B261F128A2900990F50 /* Patient.swift */,
				6315562D1F13C19C004FE0A7 /* UserPerson.swift */,
				631556351F13DF60004FE0A7 /* Question.swift */,
				6322110D1F15028300CC3B90 /* QuestionReplyThank.swift */,
				6322110F1F1503F400CC3B90 /* QuestionReply.swift */,
				632211111F1505CA00CC3B90 /* QuestionThank.swift */,
			);
			name = Model;
			sourceTree = "<group>";
		};
		6306C22A1F0A844000D03FA3 /* Service */ = {
			isa = PBXGroup;
			children = (
				6326C1BC1F0BCD3300B60347 /* ApiHelper.swift */,
				6326C1BD1F0BCD3300B60347 /* ApiResponse.swift */,
				6326C1BE1F0BCD3300B60347 /* Configuration.swift */,
				6326C1BF1F0BCD3300B60347 /* HomeCaresService.swift */,
			);
			name = Service;
			sourceTree = "<group>";
		};
		6306C22B1F0A89A700D03FA3 /* View */ = {
			isa = PBXGroup;
			children = (
				63E524681F122E4A009647F4 /* Helper */,
				6306C22C1F0A89B700D03FA3 /* Cell */,
				6306C2281F0A842D00D03FA3 /* Extension */,
				6306C2271F0A838D00D03FA3 /* Controller */,
				6326C1CE1F0BD85300B60347 /* HomeCareNavigationController.swift */,
				6326C1D21F0BDE0700B60347 /* HomeCareTabbarController.swift */,
			);
			name = View;
			sourceTree = "<group>";
		};
		6306C22C1F0A89B700D03FA3 /* Cell */ = {
			isa = PBXGroup;
			children = (
				6326C1D61F0BEB2100B60347 /* MedicalReportCell.swift */,
				6340A5C81F0FCD310021F1C8 /* ServiceMenuCell.swift */,
				6340A5CC1F0FCF8A0021F1C8 /* ServiceItemCell.swift */,
				6340A5D01F0FD6310021F1C8 /* IntroduceCell.swift */,
				6340A5C91F0FCD310021F1C8 /* ServiceMenuCell.xib */,
				6340A5CD1F0FCF8A0021F1C8 /* ServiceItemCell.xib */,
				6340A5DA1F100AD10021F1C8 /* ServiceDetailCell.swift */,
				6340A5DB1F100AD10021F1C8 /* ServiceDetailCell.xib */,
				632DFB051F109C1800037FDC /* BlogCell.swift */,
				632DFB091F10ADDE00037FDC /* BlogHeaderCell.swift */,
				631F4BA51F11235A00A4CA0F /* OptionMenuCell.swift */,
				631F4BA61F11235A00A4CA0F /* OptionMenuCell.xib */,
				631F4BA91F1123DF00A4CA0F /* OptionItemCell.swift */,
				631F4BAA1F1123DF00A4CA0F /* OptionItemCell.xib */,
				631F4BAF1F11303500A4CA0F /* SlideShowCell.swift */,
				631F4BB01F11303500A4CA0F /* SlideShowCell.xib */,
				6315562F1F13D0A5004FE0A7 /* PostQuestionCell.swift */,
				631556311F13D0B4004FE0A7 /* QuestionCell.swift */,
				631556331F13D9C8004FE0A7 /* QuestionReplyCell.swift */,
				639AFB4F1F15314F00AC075D /* PostQuestionReplyCell.swift */,
			);
			name = Cell;
			sourceTree = "<group>";
		};
		6306C22D1F0A8BC500D03FA3 /* Resource */ = {
			isa = PBXGroup;
			children = (
				6306C22E1F0A8BE700D03FA3 /* Montserrat */,
			);
			name = Resource;
			sourceTree = "<group>";
		};
		6306C22E1F0A8BE700D03FA3 /* Montserrat */ = {
			isa = PBXGroup;
			children = (
				6326C1A81F0BCC2D00B60347 /* Montserrat-Black.ttf */,
				6326C1A91F0BCC2D00B60347 /* Montserrat-ExtraLight.ttf */,
				6326C1AA1F0BCC2D00B60347 /* Montserrat-Light.ttf */,
				6326C1AB1F0BCC2D00B60347 /* Montserrat-Regular.ttf */,
			);
			name = Montserrat;
			sourceTree = "<group>";
		};
		63E524681F122E4A009647F4 /* Helper */ = {
			isa = PBXGroup;
			children = (
				63E524691F122E63009647F4 /* DateHelper.swift */,
			);
			name = Helper;
			path = View/Helper;
			sourceTree = "<group>";
		};
		AF856C64B66734E78B7295BB /* Pods */ = {
			isa = PBXGroup;
			children = (
				DF370D621B70E6D1001C27E5 /* Pods-HomeCares.debug.xcconfig */,
				A167C86D9A8451DA97F56B44 /* Pods-HomeCares.release.xcconfig */,
				00A176CDBD54D0022D0C7D6A /* Pods-HomeCaresTests.debug.xcconfig */,
				D81E8AC470973F989DDD294D /* Pods-HomeCaresTests.release.xcconfig */,
				6684F1EC2FD063933B972579 /* Pods-HomeCaresUITests.debug.xcconfig */,
				AF5F08CA95020C7108C92832 /* Pods-HomeCaresUITests.release.xcconfig */,
			);
			name = Pods;
			sourceTree = "<group>";
		};
		B1279A7CDDA4DE9925AB9006 /* Frameworks */ = {
			isa = PBXGroup;
			children = (
				49E327B19FF543B125B15A19 /* Pods_HomeCares.framework */,
				C0E8AB8CE24318DC4FAF7953 /* Pods_HomeCaresTests.framework */,
				C6BEB122B81230AE438F3065 /* Pods_HomeCaresUITests.framework */,
			);
			name = Frameworks;
			sourceTree = "<group>";
		};
/* End PBXGroup section */

/* Begin PBXNativeTarget section */
		6306C1F31F0A80E200D03FA3 /* HomeCares */ = {
			isa = PBXNativeTarget;
			buildConfigurationList = 6306C21C1F0A80E200D03FA3 /* Build configuration list for PBXNativeTarget "HomeCares" */;
			buildPhases = (
				137F3E72BBAF0EED4431BD7E /* [CP] Check Pods Manifest.lock */,
				6306C1F01F0A80E200D03FA3 /* Sources */,
				6306C1F11F0A80E200D03FA3 /* Frameworks */,
				6306C1F21F0A80E200D03FA3 /* Resources */,
				630046BABE31F0A8E41A3076 /* [CP] Embed Pods Frameworks */,
				A65BDB2DDF0E46FBFA2CF228 /* [CP] Copy Pods Resources */,
			);
			buildRules = (
			);
			dependencies = (
			);
			name = HomeCares;
			productName = HomeCares;
			productReference = 6306C1F41F0A80E200D03FA3 /* HomeCares.app */;
			productType = "com.apple.product-type.application";
		};
		6306C2071F0A80E200D03FA3 /* HomeCaresTests */ = {
			isa = PBXNativeTarget;
			buildConfigurationList = 6306C21F1F0A80E200D03FA3 /* Build configuration list for PBXNativeTarget "HomeCaresTests" */;
			buildPhases = (
				B6C3B214EABC7971C0190F5E /* [CP] Check Pods Manifest.lock */,
				6306C2041F0A80E200D03FA3 /* Sources */,
				6306C2051F0A80E200D03FA3 /* Frameworks */,
				6306C2061F0A80E200D03FA3 /* Resources */,
				6B4B33B67C28F76C6D5C0BB4 /* [CP] Embed Pods Frameworks */,
				2892931ECEC898012987F4A7 /* [CP] Copy Pods Resources */,
			);
			buildRules = (
			);
			dependencies = (
				6306C20A1F0A80E200D03FA3 /* PBXTargetDependency */,
			);
			name = HomeCaresTests;
			productName = HomeCaresTests;
			productReference = 6306C2081F0A80E200D03FA3 /* HomeCaresTests.xctest */;
			productType = "com.apple.product-type.bundle.unit-test";
		};
		6306C2121F0A80E200D03FA3 /* HomeCaresUITests */ = {
			isa = PBXNativeTarget;
			buildConfigurationList = 6306C2221F0A80E200D03FA3 /* Build configuration list for PBXNativeTarget "HomeCaresUITests" */;
			buildPhases = (
				B31556F9EAFDA1436C0B5C71 /* [CP] Check Pods Manifest.lock */,
				6306C20F1F0A80E200D03FA3 /* Sources */,
				6306C2101F0A80E200D03FA3 /* Frameworks */,
				6306C2111F0A80E200D03FA3 /* Resources */,
				A66F8B06AA5AB21FDC7C6807 /* [CP] Embed Pods Frameworks */,
				907110B4E17E8867C91009BF /* [CP] Copy Pods Resources */,
			);
			buildRules = (
			);
			dependencies = (
				6306C2151F0A80E200D03FA3 /* PBXTargetDependency */,
			);
			name = HomeCaresUITests;
			productName = HomeCaresUITests;
			productReference = 6306C2131F0A80E200D03FA3 /* HomeCaresUITests.xctest */;
			productType = "com.apple.product-type.bundle.ui-testing";
		};
/* End PBXNativeTarget section */

/* Begin PBXProject section */
		6306C1EC1F0A80E100D03FA3 /* Project object */ = {
			isa = PBXProject;
			attributes = {
				LastSwiftUpdateCheck = 0830;
				LastUpgradeCheck = 0830;
				ORGANIZATIONNAME = "Tuat Tran";
				TargetAttributes = {
					6306C1F31F0A80E200D03FA3 = {
						CreatedOnToolsVersion = 8.3.2;
						ProvisioningStyle = Automatic;
					};
					6306C2071F0A80E200D03FA3 = {
						CreatedOnToolsVersion = 8.3.2;
						ProvisioningStyle = Automatic;
						TestTargetID = 6306C1F31F0A80E200D03FA3;
					};
					6306C2121F0A80E200D03FA3 = {
						CreatedOnToolsVersion = 8.3.2;
						ProvisioningStyle = Automatic;
						TestTargetID = 6306C1F31F0A80E200D03FA3;
					};
				};
			};
			buildConfigurationList = 6306C1EF1F0A80E200D03FA3 /* Build configuration list for PBXProject "HomeCares" */;
			compatibilityVersion = "Xcode 3.2";
			developmentRegion = English;
			hasScannedForEncodings = 0;
			knownRegions = (
				en,
				Base,
			);
			mainGroup = 6306C1EB1F0A80E100D03FA3;
			productRefGroup = 6306C1F51F0A80E200D03FA3 /* Products */;
			projectDirPath = "";
			projectRoot = "";
			targets = (
				6306C1F31F0A80E200D03FA3 /* HomeCares */,
				6306C2071F0A80E200D03FA3 /* HomeCaresTests */,
				6306C2121F0A80E200D03FA3 /* HomeCaresUITests */,
			);
		};
/* End PBXProject section */

/* Begin PBXResourcesBuildPhase section */
		6306C1F21F0A80E200D03FA3 /* Resources */ = {
			isa = PBXResourcesBuildPhase;
			buildActionMask = 2147483647;
			files = (
				631F4BA21F111AB700A4CA0F /* QuestionAnswer.storyboard in Resources */,
				6326C1AE1F0BCC2D00B60347 /* Montserrat-Light.ttf in Resources */,
				6306C2021F0A80E200D03FA3 /* LaunchScreen.storyboard in Resources */,
				6340A5CB1F0FCD310021F1C8 /* ServiceMenuCell.xib in Resources */,
				6326C1AF1F0BCC2D00B60347 /* Montserrat-Regular.ttf in Resources */,
				631F4BA01F111AA700A4CA0F /* HomePage.storyboard in Resources */,
				6326C1AC1F0BCC2D00B60347 /* Montserrat-Black.ttf in Resources */,
				631F4BAC1F1123DF00A4CA0F /* OptionItemCell.xib in Resources */,
				6306C1FF1F0A80E200D03FA3 /* Assets.xcassets in Resources */,
				631F4B9E1F111A9100A4CA0F /* Service.storyboard in Resources */,
				631F4BA41F111AC000A4CA0F /* More.storyboard in Resources */,
				6306C1FD1F0A80E200D03FA3 /* Main.storyboard in Resources */,
				6340A5DD1F100AD10021F1C8 /* ServiceDetailCell.xib in Resources */,
				6340A5D31F0FDB980021F1C8 /* ServiceItem.plist in Resources */,
				631F4BB21F11303500A4CA0F /* SlideShowCell.xib in Resources */,
				6340A5CF1F0FCF8A0021F1C8 /* ServiceItemCell.xib in Resources */,
				631F4B9C1F111A7D00A4CA0F /* MedicalReport.storyboard in Resources */,
				6326C1AD1F0BCC2D00B60347 /* Montserrat-ExtraLight.ttf in Resources */,
				631F4BA81F11235A00A4CA0F /* OptionMenuCell.xib in Resources */,
			);
			runOnlyForDeploymentPostprocessing = 0;
		};
		6306C2061F0A80E200D03FA3 /* Resources */ = {
			isa = PBXResourcesBuildPhase;
			buildActionMask = 2147483647;
			files = (
			);
			runOnlyForDeploymentPostprocessing = 0;
		};
		6306C2111F0A80E200D03FA3 /* Resources */ = {
			isa = PBXResourcesBuildPhase;
			buildActionMask = 2147483647;
			files = (
			);
			runOnlyForDeploymentPostprocessing = 0;
		};
/* End PBXResourcesBuildPhase section */

/* Begin PBXShellScriptBuildPhase section */
		137F3E72BBAF0EED4431BD7E /* [CP] Check Pods Manifest.lock */ = {
			isa = PBXShellScriptBuildPhase;
			buildActionMask = 2147483647;
			files = (
			);
			inputPaths = (
			);
			name = "[CP] Check Pods Manifest.lock";
			outputPaths = (
			);
			runOnlyForDeploymentPostprocessing = 0;
			shellPath = /bin/sh;
			shellScript = "diff \"${PODS_PODFILE_DIR_PATH}/Podfile.lock\" \"${PODS_ROOT}/Manifest.lock\" > /dev/null\nif [ $? != 0 ] ; then\n    # print error to STDERR\n    echo \"error: The sandbox is not in sync with the Podfile.lock. Run 'pod install' or update your CocoaPods installation.\" >&2\n    exit 1\nfi\n";
			showEnvVarsInLog = 0;
		};
		2892931ECEC898012987F4A7 /* [CP] Copy Pods Resources */ = {
			isa = PBXShellScriptBuildPhase;
			buildActionMask = 2147483647;
			files = (
			);
			inputPaths = (
			);
			name = "[CP] Copy Pods Resources";
			outputPaths = (
			);
			runOnlyForDeploymentPostprocessing = 0;
			shellPath = /bin/sh;
			shellScript = "\"${SRCROOT}/Pods/Target Support Files/Pods-HomeCaresTests/Pods-HomeCaresTests-resources.sh\"\n";
			showEnvVarsInLog = 0;
		};
		630046BABE31F0A8E41A3076 /* [CP] Embed Pods Frameworks */ = {
			isa = PBXShellScriptBuildPhase;
			buildActionMask = 2147483647;
			files = (
			);
			inputPaths = (
			);
			name = "[CP] Embed Pods Frameworks";
			outputPaths = (
			);
			runOnlyForDeploymentPostprocessing = 0;
			shellPath = /bin/sh;
			shellScript = "\"${SRCROOT}/Pods/Target Support Files/Pods-HomeCares/Pods-HomeCares-frameworks.sh\"\n";
			showEnvVarsInLog = 0;
		};
		6B4B33B67C28F76C6D5C0BB4 /* [CP] Embed Pods Frameworks */ = {
			isa = PBXShellScriptBuildPhase;
			buildActionMask = 2147483647;
			files = (
			);
			inputPaths = (
			);
			name = "[CP] Embed Pods Frameworks";
			outputPaths = (
			);
			runOnlyForDeploymentPostprocessing = 0;
			shellPath = /bin/sh;
			shellScript = "\"${SRCROOT}/Pods/Target Support Files/Pods-HomeCaresTests/Pods-HomeCaresTests-frameworks.sh\"\n";
			showEnvVarsInLog = 0;
		};
		907110B4E17E8867C91009BF /* [CP] Copy Pods Resources */ = {
			isa = PBXShellScriptBuildPhase;
			buildActionMask = 2147483647;
			files = (
			);
			inputPaths = (
			);
			name = "[CP] Copy Pods Resources";
			outputPaths = (
			);
			runOnlyForDeploymentPostprocessing = 0;
			shellPath = /bin/sh;
			shellScript = "\"${SRCROOT}/Pods/Target Support Files/Pods-HomeCaresUITests/Pods-HomeCaresUITests-resources.sh\"\n";
			showEnvVarsInLog = 0;
		};
		A65BDB2DDF0E46FBFA2CF228 /* [CP] Copy Pods Resources */ = {
			isa = PBXShellScriptBuildPhase;
			buildActionMask = 2147483647;
			files = (
			);
			inputPaths = (
			);
			name = "[CP] Copy Pods Resources";
			outputPaths = (
			);
			runOnlyForDeploymentPostprocessing = 0;
			shellPath = /bin/sh;
			shellScript = "\"${SRCROOT}/Pods/Target Support Files/Pods-HomeCares/Pods-HomeCares-resources.sh\"\n";
			showEnvVarsInLog = 0;
		};
		A66F8B06AA5AB21FDC7C6807 /* [CP] Embed Pods Frameworks */ = {
			isa = PBXShellScriptBuildPhase;
			buildActionMask = 2147483647;
			files = (
			);
			inputPaths = (
			);
			name = "[CP] Embed Pods Frameworks";
			outputPaths = (
			);
			runOnlyForDeploymentPostprocessing = 0;
			shellPath = /bin/sh;
			shellScript = "\"${SRCROOT}/Pods/Target Support Files/Pods-HomeCaresUITests/Pods-HomeCaresUITests-frameworks.sh\"\n";
			showEnvVarsInLog = 0;
		};
		B31556F9EAFDA1436C0B5C71 /* [CP] Check Pods Manifest.lock */ = {
			isa = PBXShellScriptBuildPhase;
			buildActionMask = 2147483647;
			files = (
			);
			inputPaths = (
			);
			name = "[CP] Check Pods Manifest.lock";
			outputPaths = (
			);
			runOnlyForDeploymentPostprocessing = 0;
			shellPath = /bin/sh;
			shellScript = "diff \"${PODS_PODFILE_DIR_PATH}/Podfile.lock\" \"${PODS_ROOT}/Manifest.lock\" > /dev/null\nif [ $? != 0 ] ; then\n    # print error to STDERR\n    echo \"error: The sandbox is not in sync with the Podfile.lock. Run 'pod install' or update your CocoaPods installation.\" >&2\n    exit 1\nfi\n";
			showEnvVarsInLog = 0;
		};
		B6C3B214EABC7971C0190F5E /* [CP] Check Pods Manifest.lock */ = {
			isa = PBXShellScriptBuildPhase;
			buildActionMask = 2147483647;
			files = (
			);
			inputPaths = (
			);
			name = "[CP] Check Pods Manifest.lock";
			outputPaths = (
			);
			runOnlyForDeploymentPostprocessing = 0;
			shellPath = /bin/sh;
			shellScript = "diff \"${PODS_PODFILE_DIR_PATH}/Podfile.lock\" \"${PODS_ROOT}/Manifest.lock\" > /dev/null\nif [ $? != 0 ] ; then\n    # print error to STDERR\n    echo \"error: The sandbox is not in sync with the Podfile.lock. Run 'pod install' or update your CocoaPods installation.\" >&2\n    exit 1\nfi\n";
			showEnvVarsInLog = 0;
		};
/* End PBXShellScriptBuildPhase section */

/* Begin PBXSourcesBuildPhase section */
		6306C1F01F0A80E200D03FA3 /* Sources */ = {
			isa = PBXSourcesBuildPhase;
			buildActionMask = 2147483647;
			files = (
				631F4BB11F11303500A4CA0F /* SlideShowCell.swift in Sources */,
				63062C5B1F11485A003C6EB7 /* FindPhamacyViewController.swift in Sources */,
				6326C1B31F0BCCC300B60347 /* MedicalReportBookViewController.swift in Sources */,
				6340A5CE1F0FCF8A0021F1C8 /* ServiceItemCell.swift in Sources */,
				6326C1CF1F0BD85300B60347 /* HomeCareNavigationController.swift in Sources */,
				631D4B291F1294AC00990F50 /* Date+Extension.swift in Sources */,
				6326C1BA1F0BCD0E00B60347 /* UITextField+View.swift in Sources */,
				631281261F0D15AD000D969D /* ServiceBookingViewController.swift in Sources */,
				631F4BAE1F11255600A4CA0F /* OptionMenu.swift in Sources */,
				6326C1B81F0BCD0E00B60347 /* Bundle+View.swift in Sources */,
				632A88921F0D4B2500C8EA0F /* Service.swift in Sources */,
				63062C631F11529D003C6EB7 /* AppFABMenuViewController.swift in Sources */,
				632DFB0A1F10ADDE00037FDC /* BlogHeaderCell.swift in Sources */,
				6326C1C11F0BCD3300B60347 /* ApiResponse.swift in Sources */,
				6326C1C91F0BCE0800B60347 /* ServiceViewController.swift in Sources */,
				6340A5DC1F100AD10021F1C8 /* ServiceDetailCell.swift in Sources */,
				6340A5D71F0FEF340021F1C8 /* ServiceDetailViewController.swift in Sources */,
				631281241F0D147B000D969D /* ProfileViewController.swift in Sources */,
				631F4BA71F11235A00A4CA0F /* OptionMenuCell.swift in Sources */,
				6326C1CD1F0BCE2B00B60347 /* MoreViewController.swift in Sources */,
				6326C1D11F0BD87E00B60347 /* UIColor+Extension.swift in Sources */,
				631556361F13DF60004FE0A7 /* Question.swift in Sources */,
				632A88901F0D4AA300C8EA0F /* ServiceItem.swift in Sources */,
				63E5246A1F122E63009647F4 /* DateHelper.swift in Sources */,
				6326C1C01F0BCD3300B60347 /* ApiHelper.swift in Sources */,
				6326C1B91F0BCD0E00B60347 /* String+View.swift in Sources */,
				6326C1BB1F0BCD0E00B60347 /* ViewController+Extension.swift in Sources */,
				6326C1D91F0BFBC800B60347 /* UITableView+Extension.swift in Sources */,
				639AFB4E1F1529A800AC075D /* UserDefault+Extension.swift in Sources */,
				631F4BAB1F1123DF00A4CA0F /* OptionItemCell.swift in Sources */,
				6340A5D11F0FD6310021F1C8 /* IntroduceCell.swift in Sources */,
				6326C1C71F0BCDD900B60347 /* HomePageViewController.swift in Sources */,
				6306C1F81F0A80E200D03FA3 /* AppDelegate.swift in Sources */,
				632211121F1505CA00CC3B90 /* QuestionThank.swift in Sources */,
				6326C1C51F0BCD5700B60347 /* User.swift in Sources */,
				6326C1CB1F0BCE1D00B60347 /* QuestionAnswerViewController.swift in Sources */,
				631D4B2B1F12A23200990F50 /* AddMedicalReportBookViewController.swift in Sources */,
				6326C1C31F0BCD3300B60347 /* HomeCaresService.swift in Sources */,
				63062C591F114837003C6EB7 /* FindHospitalViewController.swift in Sources */,
				6322110E1F15028300CC3B90 /* QuestionReplyThank.swift in Sources */,
				6326C1B21F0BCCC300B60347 /* LoginViewController.swift in Sources */,
				631556321F13D0B4004FE0A7 /* QuestionCell.swift in Sources */,
				631556341F13D9C9004FE0A7 /* QuestionReplyCell.swift in Sources */,
				6326C1C21F0BCD3300B60347 /* Configuration.swift in Sources */,
				631D4B2D1F12AAEA00990F50 /* BlogDetailViewController.swift in Sources */,
				639AFB501F15314F00AC075D /* PostQuestionReplyCell.swift in Sources */,
				63062C5D1F11487F003C6EB7 /* SearchMedicalViewController.swift in Sources */,
				6326C1D71F0BEB2100B60347 /* MedicalReportCell.swift in Sources */,
				631D4B271F128A2900990F50 /* Patient.swift in Sources */,
				6326C1D31F0BDE0700B60347 /* HomeCareTabbarController.swift in Sources */,
				632DFB061F109C1800037FDC /* BlogCell.swift in Sources */,
				6355F8051F16784C00735778 /* RegisterViewController.swift in Sources */,
				631556301F13D0A5004FE0A7 /* PostQuestionCell.swift in Sources */,
				63062C5F1F114A44003C6EB7 /* SearchDiseaseViewController.swift in Sources */,
				632211101F1503F400CC3B90 /* QuestionReply.swift in Sources */,
				63062C611F114D27003C6EB7 /* AppSearchBarViewController.swift in Sources */,
				632DFB0C1F10B3FB00037FDC /* Blog.swift in Sources */,
				6315562E1F13C19C004FE0A7 /* UserPerson.swift in Sources */,
				6340A5CA1F0FCD310021F1C8 /* ServiceMenuCell.swift in Sources */,
				6371CC0A1F0C02C20070998D /* MenuViewController.swift in Sources */,
			);
			runOnlyForDeploymentPostprocessing = 0;
		};
		6306C2041F0A80E200D03FA3 /* Sources */ = {
			isa = PBXSourcesBuildPhase;
			buildActionMask = 2147483647;
			files = (
				6306C20D1F0A80E200D03FA3 /* HomeCaresTests.swift in Sources */,
			);
			runOnlyForDeploymentPostprocessing = 0;
		};
		6306C20F1F0A80E200D03FA3 /* Sources */ = {
			isa = PBXSourcesBuildPhase;
			buildActionMask = 2147483647;
			files = (
				6306C2181F0A80E200D03FA3 /* HomeCaresUITests.swift in Sources */,
			);
			runOnlyForDeploymentPostprocessing = 0;
		};
/* End PBXSourcesBuildPhase section */

/* Begin PBXTargetDependency section */
		6306C20A1F0A80E200D03FA3 /* PBXTargetDependency */ = {
			isa = PBXTargetDependency;
			target = 6306C1F31F0A80E200D03FA3 /* HomeCares */;
			targetProxy = 6306C2091F0A80E200D03FA3 /* PBXContainerItemProxy */;
		};
		6306C2151F0A80E200D03FA3 /* PBXTargetDependency */ = {
			isa = PBXTargetDependency;
			target = 6306C1F31F0A80E200D03FA3 /* HomeCares */;
			targetProxy = 6306C2141F0A80E200D03FA3 /* PBXContainerItemProxy */;
		};
/* End PBXTargetDependency section */

/* Begin PBXVariantGroup section */
		6306C1FB1F0A80E200D03FA3 /* Main.storyboard */ = {
			isa = PBXVariantGroup;
			children = (
				6306C1FC1F0A80E200D03FA3 /* Base */,
			);
			name = Main.storyboard;
			sourceTree = "<group>";
		};
		6306C2001F0A80E200D03FA3 /* LaunchScreen.storyboard */ = {
			isa = PBXVariantGroup;
			children = (
				6306C2011F0A80E200D03FA3 /* Base */,
			);
			name = LaunchScreen.storyboard;
			sourceTree = "<group>";
		};
/* End PBXVariantGroup section */

/* Begin XCBuildConfiguration section */
		6306C21A1F0A80E200D03FA3 /* Debug */ = {
			isa = XCBuildConfiguration;
			buildSettings = {
				ALWAYS_SEARCH_USER_PATHS = NO;
				CLANG_ANALYZER_NONNULL = YES;
				CLANG_ANALYZER_NUMBER_OBJECT_CONVERSION = YES_AGGRESSIVE;
				CLANG_CXX_LANGUAGE_STANDARD = "gnu++0x";
				CLANG_CXX_LIBRARY = "libc++";
				CLANG_ENABLE_MODULES = YES;
				CLANG_ENABLE_OBJC_ARC = YES;
				CLANG_WARN_BOOL_CONVERSION = YES;
				CLANG_WARN_CONSTANT_CONVERSION = YES;
				CLANG_WARN_DIRECT_OBJC_ISA_USAGE = YES_ERROR;
				CLANG_WARN_DOCUMENTATION_COMMENTS = YES;
				CLANG_WARN_EMPTY_BODY = YES;
				CLANG_WARN_ENUM_CONVERSION = YES;
				CLANG_WARN_INFINITE_RECURSION = YES;
				CLANG_WARN_INT_CONVERSION = YES;
				CLANG_WARN_OBJC_ROOT_CLASS = YES_ERROR;
				CLANG_WARN_SUSPICIOUS_MOVE = YES;
				CLANG_WARN_UNREACHABLE_CODE = YES;
				CLANG_WARN__DUPLICATE_METHOD_MATCH = YES;
				"CODE_SIGN_IDENTITY[sdk=iphoneos*]" = "iPhone Developer";
				COPY_PHASE_STRIP = NO;
				DEBUG_INFORMATION_FORMAT = dwarf;
				ENABLE_STRICT_OBJC_MSGSEND = YES;
				ENABLE_TESTABILITY = YES;
				GCC_C_LANGUAGE_STANDARD = gnu99;
				GCC_DYNAMIC_NO_PIC = NO;
				GCC_NO_COMMON_BLOCKS = YES;
				GCC_OPTIMIZATION_LEVEL = 0;
				GCC_PREPROCESSOR_DEFINITIONS = (
					"DEBUG=1",
					"$(inherited)",
				);
				GCC_WARN_64_TO_32_BIT_CONVERSION = YES;
				GCC_WARN_ABOUT_RETURN_TYPE = YES_ERROR;
				GCC_WARN_UNDECLARED_SELECTOR = YES;
				GCC_WARN_UNINITIALIZED_AUTOS = YES_AGGRESSIVE;
				GCC_WARN_UNUSED_FUNCTION = YES;
				GCC_WARN_UNUSED_VARIABLE = YES;
				IPHONEOS_DEPLOYMENT_TARGET = 10.3;
				MTL_ENABLE_DEBUG_INFO = YES;
				ONLY_ACTIVE_ARCH = YES;
				SDKROOT = iphoneos;
				SWIFT_ACTIVE_COMPILATION_CONDITIONS = DEBUG;
				SWIFT_OPTIMIZATION_LEVEL = "-Onone";
				TARGETED_DEVICE_FAMILY = "1,2";
			};
			name = Debug;
		};
		6306C21B1F0A80E200D03FA3 /* Release */ = {
			isa = XCBuildConfiguration;
			buildSettings = {
				ALWAYS_SEARCH_USER_PATHS = NO;
				CLANG_ANALYZER_NONNULL = YES;
				CLANG_ANALYZER_NUMBER_OBJECT_CONVERSION = YES_AGGRESSIVE;
				CLANG_CXX_LANGUAGE_STANDARD = "gnu++0x";
				CLANG_CXX_LIBRARY = "libc++";
				CLANG_ENABLE_MODULES = YES;
				CLANG_ENABLE_OBJC_ARC = YES;
				CLANG_WARN_BOOL_CONVERSION = YES;
				CLANG_WARN_CONSTANT_CONVERSION = YES;
				CLANG_WARN_DIRECT_OBJC_ISA_USAGE = YES_ERROR;
				CLANG_WARN_DOCUMENTATION_COMMENTS = YES;
				CLANG_WARN_EMPTY_BODY = YES;
				CLANG_WARN_ENUM_CONVERSION = YES;
				CLANG_WARN_INFINITE_RECURSION = YES;
				CLANG_WARN_INT_CONVERSION = YES;
				CLANG_WARN_OBJC_ROOT_CLASS = YES_ERROR;
				CLANG_WARN_SUSPICIOUS_MOVE = YES;
				CLANG_WARN_UNREACHABLE_CODE = YES;
				CLANG_WARN__DUPLICATE_METHOD_MATCH = YES;
				"CODE_SIGN_IDENTITY[sdk=iphoneos*]" = "iPhone Developer";
				COPY_PHASE_STRIP = NO;
				DEBUG_INFORMATION_FORMAT = "dwarf-with-dsym";
				ENABLE_NS_ASSERTIONS = NO;
				ENABLE_STRICT_OBJC_MSGSEND = YES;
				GCC_C_LANGUAGE_STANDARD = gnu99;
				GCC_NO_COMMON_BLOCKS = YES;
				GCC_WARN_64_TO_32_BIT_CONVERSION = YES;
				GCC_WARN_ABOUT_RETURN_TYPE = YES_ERROR;
				GCC_WARN_UNDECLARED_SELECTOR = YES;
				GCC_WARN_UNINITIALIZED_AUTOS = YES_AGGRESSIVE;
				GCC_WARN_UNUSED_FUNCTION = YES;
				GCC_WARN_UNUSED_VARIABLE = YES;
				IPHONEOS_DEPLOYMENT_TARGET = 10.3;
				MTL_ENABLE_DEBUG_INFO = NO;
				SDKROOT = iphoneos;
				SWIFT_OPTIMIZATION_LEVEL = "-Owholemodule";
				TARGETED_DEVICE_FAMILY = "1,2";
				VALIDATE_PRODUCT = YES;
			};
			name = Release;
		};
		6306C21D1F0A80E200D03FA3 /* Debug */ = {
			isa = XCBuildConfiguration;
			baseConfigurationReference = DF370D621B70E6D1001C27E5 /* Pods-HomeCares.debug.xcconfig */;
			buildSettings = {
				ASSETCATALOG_COMPILER_APPICON_NAME = AppIcon;
				INFOPLIST_FILE = HomeCares/Info.plist;
				LD_RUNPATH_SEARCH_PATHS = "$(inherited) @executable_path/Frameworks";
				PRODUCT_BUNDLE_IDENTIFIER = com.tuattran.HomeCares;
				PRODUCT_NAME = "$(TARGET_NAME)";
				SWIFT_VERSION = 3.0;
			};
			name = Debug;
		};
		6306C21E1F0A80E200D03FA3 /* Release */ = {
			isa = XCBuildConfiguration;
			baseConfigurationReference = A167C86D9A8451DA97F56B44 /* Pods-HomeCares.release.xcconfig */;
			buildSettings = {
				ASSETCATALOG_COMPILER_APPICON_NAME = AppIcon;
				INFOPLIST_FILE = HomeCares/Info.plist;
				LD_RUNPATH_SEARCH_PATHS = "$(inherited) @executable_path/Frameworks";
				PRODUCT_BUNDLE_IDENTIFIER = com.tuattran.HomeCares;
				PRODUCT_NAME = "$(TARGET_NAME)";
				SWIFT_VERSION = 3.0;
			};
			name = Release;
		};
		6306C2201F0A80E200D03FA3 /* Debug */ = {
			isa = XCBuildConfiguration;
			baseConfigurationReference = 00A176CDBD54D0022D0C7D6A /* Pods-HomeCaresTests.debug.xcconfig */;
			buildSettings = {
				ALWAYS_EMBED_SWIFT_STANDARD_LIBRARIES = YES;
				BUNDLE_LOADER = "$(TEST_HOST)";
				INFOPLIST_FILE = HomeCaresTests/Info.plist;
				LD_RUNPATH_SEARCH_PATHS = "$(inherited) @executable_path/Frameworks @loader_path/Frameworks";
				PRODUCT_BUNDLE_IDENTIFIER = com.tuattran.HomeCaresTests;
				PRODUCT_NAME = "$(TARGET_NAME)";
				SWIFT_VERSION = 3.0;
				TEST_HOST = "$(BUILT_PRODUCTS_DIR)/HomeCares.app/HomeCares";
			};
			name = Debug;
		};
		6306C2211F0A80E200D03FA3 /* Release */ = {
			isa = XCBuildConfiguration;
			baseConfigurationReference = D81E8AC470973F989DDD294D /* Pods-HomeCaresTests.release.xcconfig */;
			buildSettings = {
				ALWAYS_EMBED_SWIFT_STANDARD_LIBRARIES = YES;
				BUNDLE_LOADER = "$(TEST_HOST)";
				INFOPLIST_FILE = HomeCaresTests/Info.plist;
				LD_RUNPATH_SEARCH_PATHS = "$(inherited) @executable_path/Frameworks @loader_path/Frameworks";
				PRODUCT_BUNDLE_IDENTIFIER = com.tuattran.HomeCaresTests;
				PRODUCT_NAME = "$(TARGET_NAME)";
				SWIFT_VERSION = 3.0;
				TEST_HOST = "$(BUILT_PRODUCTS_DIR)/HomeCares.app/HomeCares";
			};
			name = Release;
		};
		6306C2231F0A80E200D03FA3 /* Debug */ = {
			isa = XCBuildConfiguration;
			baseConfigurationReference = 6684F1EC2FD063933B972579 /* Pods-HomeCaresUITests.debug.xcconfig */;
			buildSettings = {
				ALWAYS_EMBED_SWIFT_STANDARD_LIBRARIES = YES;
				INFOPLIST_FILE = HomeCaresUITests/Info.plist;
				LD_RUNPATH_SEARCH_PATHS = "$(inherited) @executable_path/Frameworks @loader_path/Frameworks";
				PRODUCT_BUNDLE_IDENTIFIER = com.tuattran.HomeCaresUITests;
				PRODUCT_NAME = "$(TARGET_NAME)";
				SWIFT_VERSION = 3.0;
				TEST_TARGET_NAME = HomeCares;
			};
			name = Debug;
		};
		6306C2241F0A80E200D03FA3 /* Release */ = {
			isa = XCBuildConfiguration;
			baseConfigurationReference = AF5F08CA95020C7108C92832 /* Pods-HomeCaresUITests.release.xcconfig */;
			buildSettings = {
				ALWAYS_EMBED_SWIFT_STANDARD_LIBRARIES = YES;
				INFOPLIST_FILE = HomeCaresUITests/Info.plist;
				LD_RUNPATH_SEARCH_PATHS = "$(inherited) @executable_path/Frameworks @loader_path/Frameworks";
				PRODUCT_BUNDLE_IDENTIFIER = com.tuattran.HomeCaresUITests;
				PRODUCT_NAME = "$(TARGET_NAME)";
				SWIFT_VERSION = 3.0;
				TEST_TARGET_NAME = HomeCares;
			};
			name = Release;
		};
/* End XCBuildConfiguration section */

/* Begin XCConfigurationList section */
		6306C1EF1F0A80E200D03FA3 /* Build configuration list for PBXProject "HomeCares" */ = {
			isa = XCConfigurationList;
			buildConfigurations = (
				6306C21A1F0A80E200D03FA3 /* Debug */,
				6306C21B1F0A80E200D03FA3 /* Release */,
			);
			defaultConfigurationIsVisible = 0;
			defaultConfigurationName = Release;
		};
		6306C21C1F0A80E200D03FA3 /* Build configuration list for PBXNativeTarget "HomeCares" */ = {
			isa = XCConfigurationList;
			buildConfigurations = (
				6306C21D1F0A80E200D03FA3 /* Debug */,
				6306C21E1F0A80E200D03FA3 /* Release */,
			);
			defaultConfigurationIsVisible = 0;
			defaultConfigurationName = Release;
		};
		6306C21F1F0A80E200D03FA3 /* Build configuration list for PBXNativeTarget "HomeCaresTests" */ = {
			isa = XCConfigurationList;
			buildConfigurations = (
				6306C2201F0A80E200D03FA3 /* Debug */,
				6306C2211F0A80E200D03FA3 /* Release */,
			);
			defaultConfigurationIsVisible = 0;
			defaultConfigurationName = Release;
		};
		6306C2221F0A80E200D03FA3 /* Build configuration list for PBXNativeTarget "HomeCaresUITests" */ = {
			isa = XCConfigurationList;
			buildConfigurations = (
				6306C2231F0A80E200D03FA3 /* Debug */,
				6306C2241F0A80E200D03FA3 /* Release */,
			);
			defaultConfigurationIsVisible = 0;
			defaultConfigurationName = Release;
		};
/* End XCConfigurationList section */
	};
	rootObject = 6306C1EC1F0A80E100D03FA3 /* Project object */;
}
