// !$*UTF8*$!
{
	archiveVersion = 1;
	classes = {
	};
	objectVersion = 46;
	objects = {

/* Begin PBXBuildFile section */
		13F02D95D237527A7F9BAB6A /* Pods_HomeCaresUITests.framework in Frameworks */ = {isa = PBXBuildFile; fileRef = C6BEB122B81230AE438F3065 /* Pods_HomeCaresUITests.framework */; };
		214CBEC7A2601F466AA26F55 /* Pods_HomeCares.framework in Frameworks */ = {isa = PBXBuildFile; fileRef = 49E327B19FF543B125B15A19 /* Pods_HomeCares.framework */; };
		6306C1F81F0A80E200D03FA3 /* AppDelegate.swift in Sources */ = {isa = PBXBuildFile; fileRef = 6306C1F71F0A80E200D03FA3 /* AppDelegate.swift */; };
		6306C20D1F0A80E200D03FA3 /* HomeCaresTests.swift in Sources */ = {isa = PBXBuildFile; fileRef = 6306C20C1F0A80E200D03FA3 /* HomeCaresTests.swift */; };
		6306C2181F0A80E200D03FA3 /* HomeCaresUITests.swift in Sources */ = {isa = PBXBuildFile; fileRef = 6306C2171F0A80E200D03FA3 /* HomeCaresUITests.swift */; };
		630F0CC11F21EC4200A1A566 /* Disease.swift in Sources */ = {isa = PBXBuildFile; fileRef = 630F0CC01F21EC4200A1A566 /* Disease.swift */; };
		630F0CC31F21EFCF00A1A566 /* DiseaseCell.swift in Sources */ = {isa = PBXBuildFile; fileRef = 630F0CC21F21EFCF00A1A566 /* DiseaseCell.swift */; };
		630F0CC51F21F8CE00A1A566 /* DiseaseDetailViewController.swift in Sources */ = {isa = PBXBuildFile; fileRef = 630F0CC41F21F8CE00A1A566 /* DiseaseDetailViewController.swift */; };
		630F0CC71F21F91100A1A566 /* DiseaseItemViewController.swift in Sources */ = {isa = PBXBuildFile; fileRef = 630F0CC61F21F91100A1A566 /* DiseaseItemViewController.swift */; };
		631AC8F41F1E414900AD54BC /* PatientDetailViewController.swift in Sources */ = {isa = PBXBuildFile; fileRef = 631AC8F31F1E414900AD54BC /* PatientDetailViewController.swift */; };
		631AC8F61F1E424400AD54BC /* NotesPatientViewController.swift in Sources */ = {isa = PBXBuildFile; fileRef = 631AC8F51F1E424400AD54BC /* NotesPatientViewController.swift */; };
		6323C8911F1CECD900D1D237 /* Blog.swift in Sources */ = {isa = PBXBuildFile; fileRef = 6323C8831F1CECD900D1D237 /* Blog.swift */; };
		6323C8921F1CECD900D1D237 /* Medicine.swift in Sources */ = {isa = PBXBuildFile; fileRef = 6323C8841F1CECD900D1D237 /* Medicine.swift */; };
		6323C8931F1CECD900D1D237 /* MedicineGroup.swift in Sources */ = {isa = PBXBuildFile; fileRef = 6323C8851F1CECD900D1D237 /* MedicineGroup.swift */; };
		6323C8941F1CECD900D1D237 /* OptionMenu.swift in Sources */ = {isa = PBXBuildFile; fileRef = 6323C8861F1CECD900D1D237 /* OptionMenu.swift */; };
		6323C8951F1CECD900D1D237 /* Order.swift in Sources */ = {isa = PBXBuildFile; fileRef = 6323C8871F1CECD900D1D237 /* Order.swift */; };
		6323C8961F1CECD900D1D237 /* Patient.swift in Sources */ = {isa = PBXBuildFile; fileRef = 6323C8881F1CECD900D1D237 /* Patient.swift */; };
		6323C8971F1CECD900D1D237 /* Question.swift in Sources */ = {isa = PBXBuildFile; fileRef = 6323C8891F1CECD900D1D237 /* Question.swift */; };
		6323C8981F1CECD900D1D237 /* QuestionReply.swift in Sources */ = {isa = PBXBuildFile; fileRef = 6323C88A1F1CECD900D1D237 /* QuestionReply.swift */; };
		6323C8991F1CECD900D1D237 /* QuestionReplyThank.swift in Sources */ = {isa = PBXBuildFile; fileRef = 6323C88B1F1CECD900D1D237 /* QuestionReplyThank.swift */; };
		6323C89A1F1CECD900D1D237 /* QuestionThank.swift in Sources */ = {isa = PBXBuildFile; fileRef = 6323C88C1F1CECD900D1D237 /* QuestionThank.swift */; };
		6323C89B1F1CECD900D1D237 /* Service.swift in Sources */ = {isa = PBXBuildFile; fileRef = 6323C88D1F1CECD900D1D237 /* Service.swift */; };
		6323C89C1F1CECD900D1D237 /* ServiceItem.swift in Sources */ = {isa = PBXBuildFile; fileRef = 6323C88E1F1CECD900D1D237 /* ServiceItem.swift */; };
		6323C89D1F1CECD900D1D237 /* User.swift in Sources */ = {isa = PBXBuildFile; fileRef = 6323C88F1F1CECD900D1D237 /* User.swift */; };
		6323C89E1F1CECD900D1D237 /* UserPerson.swift in Sources */ = {isa = PBXBuildFile; fileRef = 6323C8901F1CECD900D1D237 /* UserPerson.swift */; };
		6323C8A71F1CECEB00D1D237 /* HomePage.storyboard in Resources */ = {isa = PBXBuildFile; fileRef = 6323C8A01F1CECEB00D1D237 /* HomePage.storyboard */; };
		6323C8A81F1CECEB00D1D237 /* LaunchScreen.storyboard in Resources */ = {isa = PBXBuildFile; fileRef = 6323C8A11F1CECEB00D1D237 /* LaunchScreen.storyboard */; };
		6323C8A91F1CECEB00D1D237 /* Main.storyboard in Resources */ = {isa = PBXBuildFile; fileRef = 6323C8A21F1CECEB00D1D237 /* Main.storyboard */; };
		6323C8AA1F1CECEB00D1D237 /* MedicalReport.storyboard in Resources */ = {isa = PBXBuildFile; fileRef = 6323C8A31F1CECEB00D1D237 /* MedicalReport.storyboard */; };
		6323C8AB1F1CECEB00D1D237 /* More.storyboard in Resources */ = {isa = PBXBuildFile; fileRef = 6323C8A41F1CECEB00D1D237 /* More.storyboard */; };
		6323C8AC1F1CECEB00D1D237 /* QuestionAnswer.storyboard in Resources */ = {isa = PBXBuildFile; fileRef = 6323C8A51F1CECEB00D1D237 /* QuestionAnswer.storyboard */; };
		6323C8AD1F1CECEB00D1D237 /* Service.storyboard in Resources */ = {isa = PBXBuildFile; fileRef = 6323C8A61F1CECEB00D1D237 /* Service.storyboard */; };
		6323C8C51F1CED2900D1D237 /* ApplicationItemCell.swift in Sources */ = {isa = PBXBuildFile; fileRef = 6323C8AF1F1CED2900D1D237 /* ApplicationItemCell.swift */; };
		6323C8C61F1CED2900D1D237 /* BlogCell.swift in Sources */ = {isa = PBXBuildFile; fileRef = 6323C8B01F1CED2900D1D237 /* BlogCell.swift */; };
		6323C8C71F1CED2900D1D237 /* BlogHeaderCell.swift in Sources */ = {isa = PBXBuildFile; fileRef = 6323C8B11F1CED2900D1D237 /* BlogHeaderCell.swift */; };
		6323C8C81F1CED2900D1D237 /* IntroduceCell.swift in Sources */ = {isa = PBXBuildFile; fileRef = 6323C8B21F1CED2900D1D237 /* IntroduceCell.swift */; };
		6323C8C91F1CED2900D1D237 /* MedicalReportCell.swift in Sources */ = {isa = PBXBuildFile; fileRef = 6323C8B31F1CED2900D1D237 /* MedicalReportCell.swift */; };
		6323C8CA1F1CED2900D1D237 /* MedicineItemCell.swift in Sources */ = {isa = PBXBuildFile; fileRef = 6323C8B41F1CED2900D1D237 /* MedicineItemCell.swift */; };
		6323C8CB1F1CED2900D1D237 /* OptionItemCell.swift in Sources */ = {isa = PBXBuildFile; fileRef = 6323C8B51F1CED2900D1D237 /* OptionItemCell.swift */; };
		6323C8CC1F1CED2900D1D237 /* OptionItemCell.xib in Resources */ = {isa = PBXBuildFile; fileRef = 6323C8B61F1CED2900D1D237 /* OptionItemCell.xib */; };
		6323C8CD1F1CED2900D1D237 /* OptionMenuCell.swift in Sources */ = {isa = PBXBuildFile; fileRef = 6323C8B71F1CED2900D1D237 /* OptionMenuCell.swift */; };
		6323C8CE1F1CED2900D1D237 /* OptionMenuCell.xib in Resources */ = {isa = PBXBuildFile; fileRef = 6323C8B81F1CED2900D1D237 /* OptionMenuCell.xib */; };
		6323C8CF1F1CED2900D1D237 /* PostQuestionCell.swift in Sources */ = {isa = PBXBuildFile; fileRef = 6323C8B91F1CED2900D1D237 /* PostQuestionCell.swift */; };
		6323C8D01F1CED2900D1D237 /* PostQuestionReplyCell.swift in Sources */ = {isa = PBXBuildFile; fileRef = 6323C8BA1F1CED2900D1D237 /* PostQuestionReplyCell.swift */; };
		6323C8D11F1CED2900D1D237 /* QuestionCell.swift in Sources */ = {isa = PBXBuildFile; fileRef = 6323C8BB1F1CED2900D1D237 /* QuestionCell.swift */; };
		6323C8D21F1CED2900D1D237 /* QuestionReplyCell.swift in Sources */ = {isa = PBXBuildFile; fileRef = 6323C8BC1F1CED2900D1D237 /* QuestionReplyCell.swift */; };
		6323C8D31F1CED2900D1D237 /* ServiceDetailCell.swift in Sources */ = {isa = PBXBuildFile; fileRef = 6323C8BD1F1CED2900D1D237 /* ServiceDetailCell.swift */; };
		6323C8D41F1CED2900D1D237 /* ServiceDetailCell.xib in Resources */ = {isa = PBXBuildFile; fileRef = 6323C8BE1F1CED2900D1D237 /* ServiceDetailCell.xib */; };
		6323C8D51F1CED2900D1D237 /* ServiceItemCell.swift in Sources */ = {isa = PBXBuildFile; fileRef = 6323C8BF1F1CED2900D1D237 /* ServiceItemCell.swift */; };
		6323C8D61F1CED2900D1D237 /* ServiceItemCell.xib in Resources */ = {isa = PBXBuildFile; fileRef = 6323C8C01F1CED2900D1D237 /* ServiceItemCell.xib */; };
		6323C8D71F1CED2900D1D237 /* ServiceMenuCell.swift in Sources */ = {isa = PBXBuildFile; fileRef = 6323C8C11F1CED2900D1D237 /* ServiceMenuCell.swift */; };
		6323C8D81F1CED2900D1D237 /* ServiceMenuCell.xib in Resources */ = {isa = PBXBuildFile; fileRef = 6323C8C21F1CED2900D1D237 /* ServiceMenuCell.xib */; };
		6323C8D91F1CED2900D1D237 /* SlideShowCell.swift in Sources */ = {isa = PBXBuildFile; fileRef = 6323C8C31F1CED2900D1D237 /* SlideShowCell.swift */; };
		6323C8DA1F1CED2900D1D237 /* SlideShowCell.xib in Resources */ = {isa = PBXBuildFile; fileRef = 6323C8C41F1CED2900D1D237 /* SlideShowCell.xib */; };
		6323C8E41F1CED3A00D1D237 /* Bundle+View.swift in Sources */ = {isa = PBXBuildFile; fileRef = 6323C8DC1F1CED3A00D1D237 /* Bundle+View.swift */; };
		6323C8E51F1CED3A00D1D237 /* Date+Extension.swift in Sources */ = {isa = PBXBuildFile; fileRef = 6323C8DD1F1CED3A00D1D237 /* Date+Extension.swift */; };
		6323C8E61F1CED3A00D1D237 /* String+View.swift in Sources */ = {isa = PBXBuildFile; fileRef = 6323C8DE1F1CED3A00D1D237 /* String+View.swift */; };
		6323C8E71F1CED3A00D1D237 /* UIColor+Extension.swift in Sources */ = {isa = PBXBuildFile; fileRef = 6323C8DF1F1CED3A00D1D237 /* UIColor+Extension.swift */; };
		6323C8E81F1CED3A00D1D237 /* UITableView+Extension.swift in Sources */ = {isa = PBXBuildFile; fileRef = 6323C8E01F1CED3A00D1D237 /* UITableView+Extension.swift */; };
		6323C8E91F1CED3A00D1D237 /* UITextField+View.swift in Sources */ = {isa = PBXBuildFile; fileRef = 6323C8E11F1CED3A00D1D237 /* UITextField+View.swift */; };
		6323C8EA1F1CED3A00D1D237 /* UserDefault+Extension.swift in Sources */ = {isa = PBXBuildFile; fileRef = 6323C8E21F1CED3A00D1D237 /* UserDefault+Extension.swift */; };
		6323C8EB1F1CED3A00D1D237 /* ViewController+Extension.swift in Sources */ = {isa = PBXBuildFile; fileRef = 6323C8E31F1CED3A00D1D237 /* ViewController+Extension.swift */; };
		6323C9061F1CED5100D1D237 /* HomeCareNavigationController.swift in Sources */ = {isa = PBXBuildFile; fileRef = 6323C8ED1F1CED5100D1D237 /* HomeCareNavigationController.swift */; };
		6323C9071F1CED5100D1D237 /* HomeCareTabbarController.swift in Sources */ = {isa = PBXBuildFile; fileRef = 6323C8EE1F1CED5100D1D237 /* HomeCareTabbarController.swift */; };
		6323C9081F1CED5100D1D237 /* BlogDetailViewController.swift in Sources */ = {isa = PBXBuildFile; fileRef = 6323C8F01F1CED5100D1D237 /* BlogDetailViewController.swift */; };
		6323C9091F1CED5100D1D237 /* FindHospitalViewController.swift in Sources */ = {isa = PBXBuildFile; fileRef = 6323C8F11F1CED5100D1D237 /* FindHospitalViewController.swift */; };
		6323C90A1F1CED5100D1D237 /* FindPhamacyViewController.swift in Sources */ = {isa = PBXBuildFile; fileRef = 6323C8F21F1CED5100D1D237 /* FindPhamacyViewController.swift */; };
		6323C90B1F1CED5100D1D237 /* HomePageViewController.swift in Sources */ = {isa = PBXBuildFile; fileRef = 6323C8F31F1CED5100D1D237 /* HomePageViewController.swift */; };
		6323C90C1F1CED5100D1D237 /* SearchDiseaseViewController.swift in Sources */ = {isa = PBXBuildFile; fileRef = 6323C8F41F1CED5100D1D237 /* SearchDiseaseViewController.swift */; };
		6323C90D1F1CED5100D1D237 /* SearchMedicalViewController.swift in Sources */ = {isa = PBXBuildFile; fileRef = 6323C8F51F1CED5100D1D237 /* SearchMedicalViewController.swift */; };
		6323C90E1F1CED5100D1D237 /* LoginViewController.swift in Sources */ = {isa = PBXBuildFile; fileRef = 6323C8F61F1CED5100D1D237 /* LoginViewController.swift */; };
		6323C90F1F1CED5100D1D237 /* AddMedicalReportBookViewController.swift in Sources */ = {isa = PBXBuildFile; fileRef = 6323C8F81F1CED5100D1D237 /* AddMedicalReportBookViewController.swift */; };
		6323C9101F1CED5100D1D237 /* MedicalReportBookViewController.swift in Sources */ = {isa = PBXBuildFile; fileRef = 6323C8F91F1CED5100D1D237 /* MedicalReportBookViewController.swift */; };
		6323C9111F1CED5100D1D237 /* ProfileViewController.swift in Sources */ = {isa = PBXBuildFile; fileRef = 6323C8FA1F1CED5100D1D237 /* ProfileViewController.swift */; };
		6323C9121F1CED5100D1D237 /* ServiceBookingViewController.swift in Sources */ = {isa = PBXBuildFile; fileRef = 6323C8FB1F1CED5100D1D237 /* ServiceBookingViewController.swift */; };
		6323C9131F1CED5100D1D237 /* AccountViewController.swift in Sources */ = {isa = PBXBuildFile; fileRef = 6323C8FD1F1CED5100D1D237 /* AccountViewController.swift */; };
		6323C9141F1CED5100D1D237 /* MoreViewController.swift in Sources */ = {isa = PBXBuildFile; fileRef = 6323C8FE1F1CED5100D1D237 /* MoreViewController.swift */; };
		6323C9151F1CED5100D1D237 /* SettingViewController.swift in Sources */ = {isa = PBXBuildFile; fileRef = 6323C8FF1F1CED5100D1D237 /* SettingViewController.swift */; };
		6323C9161F1CED5100D1D237 /* QuestionAnswerViewController.swift in Sources */ = {isa = PBXBuildFile; fileRef = 6323C9011F1CED5100D1D237 /* QuestionAnswerViewController.swift */; };
		6323C9171F1CED5100D1D237 /* RegisterViewController.swift in Sources */ = {isa = PBXBuildFile; fileRef = 6323C9021F1CED5100D1D237 /* RegisterViewController.swift */; };
		6323C9181F1CED5100D1D237 /* ServiceDetailViewController.swift in Sources */ = {isa = PBXBuildFile; fileRef = 6323C9041F1CED5100D1D237 /* ServiceDetailViewController.swift */; };
		6323C9191F1CED5100D1D237 /* ServiceViewController.swift in Sources */ = {isa = PBXBuildFile; fileRef = 6323C9051F1CED5100D1D237 /* ServiceViewController.swift */; };
		6323C91E1F1CED6500D1D237 /* ServiceItem.plist in Resources */ = {isa = PBXBuildFile; fileRef = 6323C91C1F1CED6500D1D237 /* ServiceItem.plist */; };
		6323C9221F1CEF1800D1D237 /* Info.plist in Resources */ = {isa = PBXBuildFile; fileRef = 6323C9211F1CEF1800D1D237 /* Info.plist */; };
		6323C9241F1CEFAE00D1D237 /* Assets.xcassets in Resources */ = {isa = PBXBuildFile; fileRef = 6323C9231F1CEFAE00D1D237 /* Assets.xcassets */; };
		6323C9281F1CF6B800D1D237 /* MedicineDetailViewController.swift in Sources */ = {isa = PBXBuildFile; fileRef = 6323C9271F1CF6B800D1D237 /* MedicineDetailViewController.swift */; };
		6323C92C1F1CFF6D00D1D237 /* MedicineItemViewController.swift in Sources */ = {isa = PBXBuildFile; fileRef = 6323C92B1F1CFF6D00D1D237 /* MedicineItemViewController.swift */; };
		6326C1AC1F0BCC2D00B60347 /* Montserrat-Black.ttf in Resources */ = {isa = PBXBuildFile; fileRef = 6326C1A81F0BCC2D00B60347 /* Montserrat-Black.ttf */; };
		6326C1AD1F0BCC2D00B60347 /* Montserrat-ExtraLight.ttf in Resources */ = {isa = PBXBuildFile; fileRef = 6326C1A91F0BCC2D00B60347 /* Montserrat-ExtraLight.ttf */; };
		6326C1AE1F0BCC2D00B60347 /* Montserrat-Light.ttf in Resources */ = {isa = PBXBuildFile; fileRef = 6326C1AA1F0BCC2D00B60347 /* Montserrat-Light.ttf */; };
		6326C1AF1F0BCC2D00B60347 /* Montserrat-Regular.ttf in Resources */ = {isa = PBXBuildFile; fileRef = 6326C1AB1F0BCC2D00B60347 /* Montserrat-Regular.ttf */; };
		6326C1C01F0BCD3300B60347 /* ApiHelper.swift in Sources */ = {isa = PBXBuildFile; fileRef = 6326C1BC1F0BCD3300B60347 /* ApiHelper.swift */; };
		6326C1C11F0BCD3300B60347 /* ApiResponse.swift in Sources */ = {isa = PBXBuildFile; fileRef = 6326C1BD1F0BCD3300B60347 /* ApiResponse.swift */; };
		6326C1C21F0BCD3300B60347 /* Configuration.swift in Sources */ = {isa = PBXBuildFile; fileRef = 6326C1BE1F0BCD3300B60347 /* Configuration.swift */; };
		6326C1C31F0BCD3300B60347 /* HomeCaresService.swift in Sources */ = {isa = PBXBuildFile; fileRef = 6326C1BF1F0BCD3300B60347 /* HomeCaresService.swift */; };
		63E5246A1F122E63009647F4 /* DateHelper.swift in Sources */ = {isa = PBXBuildFile; fileRef = 63E524691F122E63009647F4 /* DateHelper.swift */; };
		DB789CF412412B403EB7A627 /* Pods_HomeCaresTests.framework in Frameworks */ = {isa = PBXBuildFile; fileRef = C0E8AB8CE24318DC4FAF7953 /* Pods_HomeCaresTests.framework */; };
/* End PBXBuildFile section */

/* Begin PBXContainerItemProxy section */
		6306C2091F0A80E200D03FA3 /* PBXContainerItemProxy */ = {
			isa = PBXContainerItemProxy;
			containerPortal = 6306C1EC1F0A80E100D03FA3 /* Project object */;
			proxyType = 1;
			remoteGlobalIDString = 6306C1F31F0A80E200D03FA3;
			remoteInfo = HomeCares;
		};
		6306C2141F0A80E200D03FA3 /* PBXContainerItemProxy */ = {
			isa = PBXContainerItemProxy;
			containerPortal = 6306C1EC1F0A80E100D03FA3 /* Project object */;
			proxyType = 1;
			remoteGlobalIDString = 6306C1F31F0A80E200D03FA3;
			remoteInfo = HomeCares;
		};
/* End PBXContainerItemProxy section */

/* Begin PBXFileReference section */
		00A176CDBD54D0022D0C7D6A /* Pods-HomeCaresTests.debug.xcconfig */ = {isa = PBXFileReference; includeInIndex = 1; lastKnownFileType = text.xcconfig; name = "Pods-HomeCaresTests.debug.xcconfig"; path = "Pods/Target Support Files/Pods-HomeCaresTests/Pods-HomeCaresTests.debug.xcconfig"; sourceTree = "<group>"; };
		49E327B19FF543B125B15A19 /* Pods_HomeCares.framework */ = {isa = PBXFileReference; explicitFileType = wrapper.framework; includeInIndex = 0; path = Pods_HomeCares.framework; sourceTree = BUILT_PRODUCTS_DIR; };
		6306C1F41F0A80E200D03FA3 /* HomeCares.app */ = {isa = PBXFileReference; explicitFileType = wrapper.application; includeInIndex = 0; path = HomeCares.app; sourceTree = BUILT_PRODUCTS_DIR; };
		6306C1F71F0A80E200D03FA3 /* AppDelegate.swift */ = {isa = PBXFileReference; lastKnownFileType = sourcecode.swift; path = AppDelegate.swift; sourceTree = "<group>"; };
		6306C2081F0A80E200D03FA3 /* HomeCaresTests.xctest */ = {isa = PBXFileReference; explicitFileType = wrapper.cfbundle; includeInIndex = 0; path = HomeCaresTests.xctest; sourceTree = BUILT_PRODUCTS_DIR; };
		6306C20C1F0A80E200D03FA3 /* HomeCaresTests.swift */ = {isa = PBXFileReference; lastKnownFileType = sourcecode.swift; path = HomeCaresTests.swift; sourceTree = "<group>"; };
		6306C20E1F0A80E200D03FA3 /* Info.plist */ = {isa = PBXFileReference; lastKnownFileType = text.plist.xml; path = Info.plist; sourceTree = "<group>"; };
		6306C2131F0A80E200D03FA3 /* HomeCaresUITests.xctest */ = {isa = PBXFileReference; explicitFileType = wrapper.cfbundle; includeInIndex = 0; path = HomeCaresUITests.xctest; sourceTree = BUILT_PRODUCTS_DIR; };
		6306C2171F0A80E200D03FA3 /* HomeCaresUITests.swift */ = {isa = PBXFileReference; lastKnownFileType = sourcecode.swift; path = HomeCaresUITests.swift; sourceTree = "<group>"; };
		6306C2191F0A80E200D03FA3 /* Info.plist */ = {isa = PBXFileReference; lastKnownFileType = text.plist.xml; path = Info.plist; sourceTree = "<group>"; };
		630F0CC01F21EC4200A1A566 /* Disease.swift */ = {isa = PBXFileReference; fileEncoding = 4; lastKnownFileType = sourcecode.swift; path = Disease.swift; sourceTree = "<group>"; };
		630F0CC21F21EFCF00A1A566 /* DiseaseCell.swift */ = {isa = PBXFileReference; fileEncoding = 4; lastKnownFileType = sourcecode.swift; path = DiseaseCell.swift; sourceTree = "<group>"; };
		630F0CC41F21F8CE00A1A566 /* DiseaseDetailViewController.swift */ = {isa = PBXFileReference; fileEncoding = 4; lastKnownFileType = sourcecode.swift; path = DiseaseDetailViewController.swift; sourceTree = "<group>"; };
		630F0CC61F21F91100A1A566 /* DiseaseItemViewController.swift */ = {isa = PBXFileReference; fileEncoding = 4; lastKnownFileType = sourcecode.swift; path = DiseaseItemViewController.swift; sourceTree = "<group>"; };
		631AC8F31F1E414900AD54BC /* PatientDetailViewController.swift */ = {isa = PBXFileReference; fileEncoding = 4; lastKnownFileType = sourcecode.swift; path = PatientDetailViewController.swift; sourceTree = "<group>"; };
		631AC8F51F1E424400AD54BC /* NotesPatientViewController.swift */ = {isa = PBXFileReference; fileEncoding = 4; lastKnownFileType = sourcecode.swift; path = NotesPatientViewController.swift; sourceTree = "<group>"; };
		6323C8831F1CECD900D1D237 /* Blog.swift */ = {isa = PBXFileReference; fileEncoding = 4; lastKnownFileType = sourcecode.swift; path = Blog.swift; sourceTree = "<group>"; };
		6323C8841F1CECD900D1D237 /* Medicine.swift */ = {isa = PBXFileReference; fileEncoding = 4; lastKnownFileType = sourcecode.swift; path = Medicine.swift; sourceTree = "<group>"; };
		6323C8851F1CECD900D1D237 /* MedicineGroup.swift */ = {isa = PBXFileReference; fileEncoding = 4; lastKnownFileType = sourcecode.swift; path = MedicineGroup.swift; sourceTree = "<group>"; };
		6323C8861F1CECD900D1D237 /* OptionMenu.swift */ = {isa = PBXFileReference; fileEncoding = 4; lastKnownFileType = sourcecode.swift; path = OptionMenu.swift; sourceTree = "<group>"; };
		6323C8871F1CECD900D1D237 /* Order.swift */ = {isa = PBXFileReference; fileEncoding = 4; lastKnownFileType = sourcecode.swift; path = Order.swift; sourceTree = "<group>"; };
		6323C8881F1CECD900D1D237 /* Patient.swift */ = {isa = PBXFileReference; fileEncoding = 4; lastKnownFileType = sourcecode.swift; path = Patient.swift; sourceTree = "<group>"; };
		6323C8891F1CECD900D1D237 /* Question.swift */ = {isa = PBXFileReference; fileEncoding = 4; lastKnownFileType = sourcecode.swift; path = Question.swift; sourceTree = "<group>"; };
		6323C88A1F1CECD900D1D237 /* QuestionReply.swift */ = {isa = PBXFileReference; fileEncoding = 4; lastKnownFileType = sourcecode.swift; path = QuestionReply.swift; sourceTree = "<group>"; };
		6323C88B1F1CECD900D1D237 /* QuestionReplyThank.swift */ = {isa = PBXFileReference; fileEncoding = 4; lastKnownFileType = sourcecode.swift; path = QuestionReplyThank.swift; sourceTree = "<group>"; };
		6323C88C1F1CECD900D1D237 /* QuestionThank.swift */ = {isa = PBXFileReference; fileEncoding = 4; lastKnownFileType = sourcecode.swift; path = QuestionThank.swift; sourceTree = "<group>"; };
		6323C88D1F1CECD900D1D237 /* Service.swift */ = {isa = PBXFileReference; fileEncoding = 4; lastKnownFileType = sourcecode.swift; path = Service.swift; sourceTree = "<group>"; };
		6323C88E1F1CECD900D1D237 /* ServiceItem.swift */ = {isa = PBXFileReference; fileEncoding = 4; lastKnownFileType = sourcecode.swift; path = ServiceItem.swift; sourceTree = "<group>"; };
		6323C88F1F1CECD900D1D237 /* User.swift */ = {isa = PBXFileReference; fileEncoding = 4; lastKnownFileType = sourcecode.swift; path = User.swift; sourceTree = "<group>"; };
		6323C8901F1CECD900D1D237 /* UserPerson.swift */ = {isa = PBXFileReference; fileEncoding = 4; lastKnownFileType = sourcecode.swift; path = UserPerson.swift; sourceTree = "<group>"; };
		6323C8A01F1CECEB00D1D237 /* HomePage.storyboard */ = {isa = PBXFileReference; fileEncoding = 4; lastKnownFileType = file.storyboard; path = HomePage.storyboard; sourceTree = "<group>"; };
		6323C8A11F1CECEB00D1D237 /* LaunchScreen.storyboard */ = {isa = PBXFileReference; fileEncoding = 4; lastKnownFileType = file.storyboard; path = LaunchScreen.storyboard; sourceTree = "<group>"; };
		6323C8A21F1CECEB00D1D237 /* Main.storyboard */ = {isa = PBXFileReference; fileEncoding = 4; lastKnownFileType = file.storyboard; path = Main.storyboard; sourceTree = "<group>"; };
		6323C8A31F1CECEB00D1D237 /* MedicalReport.storyboard */ = {isa = PBXFileReference; fileEncoding = 4; lastKnownFileType = file.storyboard; path = MedicalReport.storyboard; sourceTree = "<group>"; };
		6323C8A41F1CECEB00D1D237 /* More.storyboard */ = {isa = PBXFileReference; fileEncoding = 4; lastKnownFileType = file.storyboard; path = More.storyboard; sourceTree = "<group>"; };
		6323C8A51F1CECEB00D1D237 /* QuestionAnswer.storyboard */ = {isa = PBXFileReference; fileEncoding = 4; lastKnownFileType = file.storyboard; path = QuestionAnswer.storyboard; sourceTree = "<group>"; };
		6323C8A61F1CECEB00D1D237 /* Service.storyboard */ = {isa = PBXFileReference; fileEncoding = 4; lastKnownFileType = file.storyboard; path = Service.storyboard; sourceTree = "<group>"; };
		6323C8AF1F1CED2900D1D237 /* ApplicationItemCell.swift */ = {isa = PBXFileReference; fileEncoding = 4; lastKnownFileType = sourcecode.swift; path = ApplicationItemCell.swift; sourceTree = "<group>"; };
		6323C8B01F1CED2900D1D237 /* BlogCell.swift */ = {isa = PBXFileReference; fileEncoding = 4; lastKnownFileType = sourcecode.swift; path = BlogCell.swift; sourceTree = "<group>"; };
		6323C8B11F1CED2900D1D237 /* BlogHeaderCell.swift */ = {isa = PBXFileReference; fileEncoding = 4; lastKnownFileType = sourcecode.swift; path = BlogHeaderCell.swift; sourceTree = "<group>"; };
		6323C8B21F1CED2900D1D237 /* IntroduceCell.swift */ = {isa = PBXFileReference; fileEncoding = 4; lastKnownFileType = sourcecode.swift; path = IntroduceCell.swift; sourceTree = "<group>"; };
		6323C8B31F1CED2900D1D237 /* MedicalReportCell.swift */ = {isa = PBXFileReference; fileEncoding = 4; lastKnownFileType = sourcecode.swift; path = MedicalReportCell.swift; sourceTree = "<group>"; };
		6323C8B41F1CED2900D1D237 /* MedicineItemCell.swift */ = {isa = PBXFileReference; fileEncoding = 4; lastKnownFileType = sourcecode.swift; path = MedicineItemCell.swift; sourceTree = "<group>"; };
		6323C8B51F1CED2900D1D237 /* OptionItemCell.swift */ = {isa = PBXFileReference; fileEncoding = 4; lastKnownFileType = sourcecode.swift; path = OptionItemCell.swift; sourceTree = "<group>"; };
		6323C8B61F1CED2900D1D237 /* OptionItemCell.xib */ = {isa = PBXFileReference; fileEncoding = 4; lastKnownFileType = file.xib; path = OptionItemCell.xib; sourceTree = "<group>"; };
		6323C8B71F1CED2900D1D237 /* OptionMenuCell.swift */ = {isa = PBXFileReference; fileEncoding = 4; lastKnownFileType = sourcecode.swift; path = OptionMenuCell.swift; sourceTree = "<group>"; };
		6323C8B81F1CED2900D1D237 /* OptionMenuCell.xib */ = {isa = PBXFileReference; fileEncoding = 4; lastKnownFileType = file.xib; path = OptionMenuCell.xib; sourceTree = "<group>"; };
		6323C8B91F1CED2900D1D237 /* PostQuestionCell.swift */ = {isa = PBXFileReference; fileEncoding = 4; lastKnownFileType = sourcecode.swift; path = PostQuestionCell.swift; sourceTree = "<group>"; };
		6323C8BA1F1CED2900D1D237 /* PostQuestionReplyCell.swift */ = {isa = PBXFileReference; fileEncoding = 4; lastKnownFileType = sourcecode.swift; path = PostQuestionReplyCell.swift; sourceTree = "<group>"; };
		6323C8BB1F1CED2900D1D237 /* QuestionCell.swift */ = {isa = PBXFileReference; fileEncoding = 4; lastKnownFileType = sourcecode.swift; path = QuestionCell.swift; sourceTree = "<group>"; };
		6323C8BC1F1CED2900D1D237 /* QuestionReplyCell.swift */ = {isa = PBXFileReference; fileEncoding = 4; lastKnownFileType = sourcecode.swift; path = QuestionReplyCell.swift; sourceTree = "<group>"; };
		6323C8BD1F1CED2900D1D237 /* ServiceDetailCell.swift */ = {isa = PBXFileReference; fileEncoding = 4; lastKnownFileType = sourcecode.swift; path = ServiceDetailCell.swift; sourceTree = "<group>"; };
		6323C8BE1F1CED2900D1D237 /* ServiceDetailCell.xib */ = {isa = PBXFileReference; fileEncoding = 4; lastKnownFileType = file.xib; path = ServiceDetailCell.xib; sourceTree = "<group>"; };
		6323C8BF1F1CED2900D1D237 /* ServiceItemCell.swift */ = {isa = PBXFileReference; fileEncoding = 4; lastKnownFileType = sourcecode.swift; path = ServiceItemCell.swift; sourceTree = "<group>"; };
		6323C8C01F1CED2900D1D237 /* ServiceItemCell.xib */ = {isa = PBXFileReference; fileEncoding = 4; lastKnownFileType = file.xib; path = ServiceItemCell.xib; sourceTree = "<group>"; };
		6323C8C11F1CED2900D1D237 /* ServiceMenuCell.swift */ = {isa = PBXFileReference; fileEncoding = 4; lastKnownFileType = sourcecode.swift; path = ServiceMenuCell.swift; sourceTree = "<group>"; };
		6323C8C21F1CED2900D1D237 /* ServiceMenuCell.xib */ = {isa = PBXFileReference; fileEncoding = 4; lastKnownFileType = file.xib; path = ServiceMenuCell.xib; sourceTree = "<group>"; };
		6323C8C31F1CED2900D1D237 /* SlideShowCell.swift */ = {isa = PBXFileReference; fileEncoding = 4; lastKnownFileType = sourcecode.swift; path = SlideShowCell.swift; sourceTree = "<group>"; };
		6323C8C41F1CED2900D1D237 /* SlideShowCell.xib */ = {isa = PBXFileReference; fileEncoding = 4; lastKnownFileType = file.xib; path = SlideShowCell.xib; sourceTree = "<group>"; };
		6323C8DC1F1CED3A00D1D237 /* Bundle+View.swift */ = {isa = PBXFileReference; fileEncoding = 4; lastKnownFileType = sourcecode.swift; path = "Bundle+View.swift"; sourceTree = "<group>"; };
		6323C8DD1F1CED3A00D1D237 /* Date+Extension.swift */ = {isa = PBXFileReference; fileEncoding = 4; lastKnownFileType = sourcecode.swift; path = "Date+Extension.swift"; sourceTree = "<group>"; };
		6323C8DE1F1CED3A00D1D237 /* String+View.swift */ = {isa = PBXFileReference; fileEncoding = 4; lastKnownFileType = sourcecode.swift; path = "String+View.swift"; sourceTree = "<group>"; };
		6323C8DF1F1CED3A00D1D237 /* UIColor+Extension.swift */ = {isa = PBXFileReference; fileEncoding = 4; lastKnownFileType = sourcecode.swift; path = "UIColor+Extension.swift"; sourceTree = "<group>"; };
		6323C8E01F1CED3A00D1D237 /* UITableView+Extension.swift */ = {isa = PBXFileReference; fileEncoding = 4; lastKnownFileType = sourcecode.swift; path = "UITableView+Extension.swift"; sourceTree = "<group>"; };
		6323C8E11F1CED3A00D1D237 /* UITextField+View.swift */ = {isa = PBXFileReference; fileEncoding = 4; lastKnownFileType = sourcecode.swift; path = "UITextField+View.swift"; sourceTree = "<group>"; };
		6323C8E21F1CED3A00D1D237 /* UserDefault+Extension.swift */ = {isa = PBXFileReference; fileEncoding = 4; lastKnownFileType = sourcecode.swift; path = "UserDefault+Extension.swift"; sourceTree = "<group>"; };
		6323C8E31F1CED3A00D1D237 /* ViewController+Extension.swift */ = {isa = PBXFileReference; fileEncoding = 4; lastKnownFileType = sourcecode.swift; path = "ViewController+Extension.swift"; sourceTree = "<group>"; };
		6323C8ED1F1CED5100D1D237 /* HomeCareNavigationController.swift */ = {isa = PBXFileReference; fileEncoding = 4; lastKnownFileType = sourcecode.swift; path = HomeCareNavigationController.swift; sourceTree = "<group>"; };
		6323C8EE1F1CED5100D1D237 /* HomeCareTabbarController.swift */ = {isa = PBXFileReference; fileEncoding = 4; lastKnownFileType = sourcecode.swift; path = HomeCareTabbarController.swift; sourceTree = "<group>"; };
		6323C8F01F1CED5100D1D237 /* BlogDetailViewController.swift */ = {isa = PBXFileReference; fileEncoding = 4; lastKnownFileType = sourcecode.swift; path = BlogDetailViewController.swift; sourceTree = "<group>"; };
		6323C8F11F1CED5100D1D237 /* FindHospitalViewController.swift */ = {isa = PBXFileReference; fileEncoding = 4; lastKnownFileType = sourcecode.swift; path = FindHospitalViewController.swift; sourceTree = "<group>"; };
		6323C8F21F1CED5100D1D237 /* FindPhamacyViewController.swift */ = {isa = PBXFileReference; fileEncoding = 4; lastKnownFileType = sourcecode.swift; path = FindPhamacyViewController.swift; sourceTree = "<group>"; };
		6323C8F31F1CED5100D1D237 /* HomePageViewController.swift */ = {isa = PBXFileReference; fileEncoding = 4; lastKnownFileType = sourcecode.swift; path = HomePageViewController.swift; sourceTree = "<group>"; };
		6323C8F41F1CED5100D1D237 /* SearchDiseaseViewController.swift */ = {isa = PBXFileReference; fileEncoding = 4; lastKnownFileType = sourcecode.swift; path = SearchDiseaseViewController.swift; sourceTree = "<group>"; };
		6323C8F51F1CED5100D1D237 /* SearchMedicalViewController.swift */ = {isa = PBXFileReference; fileEncoding = 4; lastKnownFileType = sourcecode.swift; path = SearchMedicalViewController.swift; sourceTree = "<group>"; };
		6323C8F61F1CED5100D1D237 /* LoginViewController.swift */ = {isa = PBXFileReference; fileEncoding = 4; lastKnownFileType = sourcecode.swift; path = LoginViewController.swift; sourceTree = "<group>"; };
		6323C8F81F1CED5100D1D237 /* AddMedicalReportBookViewController.swift */ = {isa = PBXFileReference; fileEncoding = 4; lastKnownFileType = sourcecode.swift; path = AddMedicalReportBookViewController.swift; sourceTree = "<group>"; };
		6323C8F91F1CED5100D1D237 /* MedicalReportBookViewController.swift */ = {isa = PBXFileReference; fileEncoding = 4; lastKnownFileType = sourcecode.swift; path = MedicalReportBookViewController.swift; sourceTree = "<group>"; };
		6323C8FA1F1CED5100D1D237 /* ProfileViewController.swift */ = {isa = PBXFileReference; fileEncoding = 4; lastKnownFileType = sourcecode.swift; path = ProfileViewController.swift; sourceTree = "<group>"; };
		6323C8FB1F1CED5100D1D237 /* ServiceBookingViewController.swift */ = {isa = PBXFileReference; fileEncoding = 4; lastKnownFileType = sourcecode.swift; path = ServiceBookingViewController.swift; sourceTree = "<group>"; };
		6323C8FD1F1CED5100D1D237 /* AccountViewController.swift */ = {isa = PBXFileReference; fileEncoding = 4; lastKnownFileType = sourcecode.swift; path = AccountViewController.swift; sourceTree = "<group>"; };
		6323C8FE1F1CED5100D1D237 /* MoreViewController.swift */ = {isa = PBXFileReference; fileEncoding = 4; lastKnownFileType = sourcecode.swift; path = MoreViewController.swift; sourceTree = "<group>"; };
		6323C8FF1F1CED5100D1D237 /* SettingViewController.swift */ = {isa = PBXFileReference; fileEncoding = 4; lastKnownFileType = sourcecode.swift; path = SettingViewController.swift; sourceTree = "<group>"; };
		6323C9011F1CED5100D1D237 /* QuestionAnswerViewController.swift */ = {isa = PBXFileReference; fileEncoding = 4; lastKnownFileType = sourcecode.swift; path = QuestionAnswerViewController.swift; sourceTree = "<group>"; };
		6323C9021F1CED5100D1D237 /* RegisterViewController.swift */ = {isa = PBXFileReference; fileEncoding = 4; lastKnownFileType = sourcecode.swift; path = RegisterViewController.swift; sourceTree = "<group>"; };
		6323C9041F1CED5100D1D237 /* ServiceDetailViewController.swift */ = {isa = PBXFileReference; fileEncoding = 4; lastKnownFileType = sourcecode.swift; path = ServiceDetailViewController.swift; sourceTree = "<group>"; };
		6323C9051F1CED5100D1D237 /* ServiceViewController.swift */ = {isa = PBXFileReference; fileEncoding = 4; lastKnownFileType = sourcecode.swift; path = ServiceViewController.swift; sourceTree = "<group>"; };
		6323C91C1F1CED6500D1D237 /* ServiceItem.plist */ = {isa = PBXFileReference; fileEncoding = 4; lastKnownFileType = text.plist.xml; path = ServiceItem.plist; sourceTree = "<group>"; };
		6323C9211F1CEF1800D1D237 /* Info.plist */ = {isa = PBXFileReference; fileEncoding = 4; lastKnownFileType = text.plist.xml; path = Info.plist; sourceTree = "<group>"; };
		6323C9231F1CEFAE00D1D237 /* Assets.xcassets */ = {isa = PBXFileReference; lastKnownFileType = folder.assetcatalog; path = Assets.xcassets; sourceTree = "<group>"; };
		6323C9271F1CF6B800D1D237 /* MedicineDetailViewController.swift */ = {isa = PBXFileReference; fileEncoding = 4; lastKnownFileType = sourcecode.swift; path = MedicineDetailViewController.swift; sourceTree = "<group>"; };
		6323C92B1F1CFF6D00D1D237 /* MedicineItemViewController.swift */ = {isa = PBXFileReference; fileEncoding = 4; lastKnownFileType = sourcecode.swift; path = MedicineItemViewController.swift; sourceTree = "<group>"; };
		6326C1A81F0BCC2D00B60347 /* Montserrat-Black.ttf */ = {isa = PBXFileReference; lastKnownFileType = file; name = "Montserrat-Black.ttf"; path = "Resource/Montserrat/Montserrat-Black.ttf"; sourceTree = "<group>"; };
		6326C1A91F0BCC2D00B60347 /* Montserrat-ExtraLight.ttf */ = {isa = PBXFileReference; lastKnownFileType = file; name = "Montserrat-ExtraLight.ttf"; path = "Resource/Montserrat/Montserrat-ExtraLight.ttf"; sourceTree = "<group>"; };
		6326C1AA1F0BCC2D00B60347 /* Montserrat-Light.ttf */ = {isa = PBXFileReference; lastKnownFileType = file; name = "Montserrat-Light.ttf"; path = "Resource/Montserrat/Montserrat-Light.ttf"; sourceTree = "<group>"; };
		6326C1AB1F0BCC2D00B60347 /* Montserrat-Regular.ttf */ = {isa = PBXFileReference; lastKnownFileType = file; name = "Montserrat-Regular.ttf"; path = "Resource/Montserrat/Montserrat-Regular.ttf"; sourceTree = "<group>"; };
		6326C1BC1F0BCD3300B60347 /* ApiHelper.swift */ = {isa = PBXFileReference; fileEncoding = 4; lastKnownFileType = sourcecode.swift; name = ApiHelper.swift; path = Service/ApiHelper.swift; sourceTree = "<group>"; };
		6326C1BD1F0BCD3300B60347 /* ApiResponse.swift */ = {isa = PBXFileReference; fileEncoding = 4; lastKnownFileType = sourcecode.swift; name = ApiResponse.swift; path = Service/ApiResponse.swift; sourceTree = "<group>"; };
		6326C1BE1F0BCD3300B60347 /* Configuration.swift */ = {isa = PBXFileReference; fileEncoding = 4; lastKnownFileType = sourcecode.swift; name = Configuration.swift; path = Service/Configuration.swift; sourceTree = "<group>"; };
		6326C1BF1F0BCD3300B60347 /* HomeCaresService.swift */ = {isa = PBXFileReference; fileEncoding = 4; lastKnownFileType = sourcecode.swift; name = HomeCaresService.swift; path = Service/HomeCaresService.swift; sourceTree = "<group>"; };
		63E524691F122E63009647F4 /* DateHelper.swift */ = {isa = PBXFileReference; fileEncoding = 4; lastKnownFileType = sourcecode.swift; path = DateHelper.swift; sourceTree = "<group>"; };
		6684F1EC2FD063933B972579 /* Pods-HomeCaresUITests.debug.xcconfig */ = {isa = PBXFileReference; includeInIndex = 1; lastKnownFileType = text.xcconfig; name = "Pods-HomeCaresUITests.debug.xcconfig"; path = "Pods/Target Support Files/Pods-HomeCaresUITests/Pods-HomeCaresUITests.debug.xcconfig"; sourceTree = "<group>"; };
		A167C86D9A8451DA97F56B44 /* Pods-HomeCares.release.xcconfig */ = {isa = PBXFileReference; includeInIndex = 1; lastKnownFileType = text.xcconfig; name = "Pods-HomeCares.release.xcconfig"; path = "Pods/Target Support Files/Pods-HomeCares/Pods-HomeCares.release.xcconfig"; sourceTree = "<group>"; };
		AF5F08CA95020C7108C92832 /* Pods-HomeCaresUITests.release.xcconfig */ = {isa = PBXFileReference; includeInIndex = 1; lastKnownFileType = text.xcconfig; name = "Pods-HomeCaresUITests.release.xcconfig"; path = "Pods/Target Support Files/Pods-HomeCaresUITests/Pods-HomeCaresUITests.release.xcconfig"; sourceTree = "<group>"; };
		C0E8AB8CE24318DC4FAF7953 /* Pods_HomeCaresTests.framework */ = {isa = PBXFileReference; explicitFileType = wrapper.framework; includeInIndex = 0; path = Pods_HomeCaresTests.framework; sourceTree = BUILT_PRODUCTS_DIR; };
		C6BEB122B81230AE438F3065 /* Pods_HomeCaresUITests.framework */ = {isa = PBXFileReference; explicitFileType = wrapper.framework; includeInIndex = 0; path = Pods_HomeCaresUITests.framework; sourceTree = BUILT_PRODUCTS_DIR; };
		D81E8AC470973F989DDD294D /* Pods-HomeCaresTests.release.xcconfig */ = {isa = PBXFileReference; includeInIndex = 1; lastKnownFileType = text.xcconfig; name = "Pods-HomeCaresTests.release.xcconfig"; path = "Pods/Target Support Files/Pods-HomeCaresTests/Pods-HomeCaresTests.release.xcconfig"; sourceTree = "<group>"; };
		DF370D621B70E6D1001C27E5 /* Pods-HomeCares.debug.xcconfig */ = {isa = PBXFileReference; includeInIndex = 1; lastKnownFileType = text.xcconfig; name = "Pods-HomeCares.debug.xcconfig"; path = "Pods/Target Support Files/Pods-HomeCares/Pods-HomeCares.debug.xcconfig"; sourceTree = "<group>"; };
/* End PBXFileReference section */

/* Begin PBXFrameworksBuildPhase section */
		6306C1F11F0A80E200D03FA3 /* Frameworks */ = {
			isa = PBXFrameworksBuildPhase;
			buildActionMask = 2147483647;
			files = (
				214CBEC7A2601F466AA26F55 /* Pods_HomeCares.framework in Frameworks */,
			);
			runOnlyForDeploymentPostprocessing = 0;
		};
		6306C2051F0A80E200D03FA3 /* Frameworks */ = {
			isa = PBXFrameworksBuildPhase;
			buildActionMask = 2147483647;
			files = (
				DB789CF412412B403EB7A627 /* Pods_HomeCaresTests.framework in Frameworks */,
			);
			runOnlyForDeploymentPostprocessing = 0;
		};
		6306C2101F0A80E200D03FA3 /* Frameworks */ = {
			isa = PBXFrameworksBuildPhase;
			buildActionMask = 2147483647;
			files = (
				13F02D95D237527A7F9BAB6A /* Pods_HomeCaresUITests.framework in Frameworks */,
			);
			runOnlyForDeploymentPostprocessing = 0;
		};
/* End PBXFrameworksBuildPhase section */

/* Begin PBXGroup section */
		6306C1EB1F0A80E100D03FA3 = {
			isa = PBXGroup;
			children = (
				6306C1F61F0A80E200D03FA3 /* HomeCares */,
				6306C20B1F0A80E200D03FA3 /* HomeCaresTests */,
				6306C2161F0A80E200D03FA3 /* HomeCaresUITests */,
				6306C1F51F0A80E200D03FA3 /* Products */,
				AF856C64B66734E78B7295BB /* Pods */,
				B1279A7CDDA4DE9925AB9006 /* Frameworks */,
			);
			sourceTree = "<group>";
		};
		6306C1F51F0A80E200D03FA3 /* Products */ = {
			isa = PBXGroup;
			children = (
				6306C1F41F0A80E200D03FA3 /* HomeCares.app */,
				6306C2081F0A80E200D03FA3 /* HomeCaresTests.xctest */,
				6306C2131F0A80E200D03FA3 /* HomeCaresUITests.xctest */,
			);
			name = Products;
			sourceTree = "<group>";
		};
		6306C1F61F0A80E200D03FA3 /* HomeCares */ = {
			isa = PBXGroup;
			children = (
				6323C91A1F1CED6500D1D237 /* SupportFile */,
				6323C89F1F1CECEB00D1D237 /* Storyboard */,
				6323C8821F1CECD900D1D237 /* Model */,
				6306C22D1F0A8BC500D03FA3 /* Resource */,
				6306C22B1F0A89A700D03FA3 /* View */,
				6306C22A1F0A844000D03FA3 /* Service */,
				6306C1F71F0A80E200D03FA3 /* AppDelegate.swift */,
			);
			path = HomeCares;
			sourceTree = "<group>";
		};
		6306C20B1F0A80E200D03FA3 /* HomeCaresTests */ = {
			isa = PBXGroup;
			children = (
				6306C20C1F0A80E200D03FA3 /* HomeCaresTests.swift */,
				6306C20E1F0A80E200D03FA3 /* Info.plist */,
			);
			path = HomeCaresTests;
			sourceTree = "<group>";
		};
		6306C2161F0A80E200D03FA3 /* HomeCaresUITests */ = {
			isa = PBXGroup;
			children = (
				6306C2171F0A80E200D03FA3 /* HomeCaresUITests.swift */,
				6306C2191F0A80E200D03FA3 /* Info.plist */,
			);
			path = HomeCaresUITests;
			sourceTree = "<group>";
		};
		6306C22A1F0A844000D03FA3 /* Service */ = {
			isa = PBXGroup;
			children = (
				6326C1BC1F0BCD3300B60347 /* ApiHelper.swift */,
				6326C1BD1F0BCD3300B60347 /* ApiResponse.swift */,
				6326C1BE1F0BCD3300B60347 /* Configuration.swift */,
				6326C1BF1F0BCD3300B60347 /* HomeCaresService.swift */,
			);
			name = Service;
			sourceTree = "<group>";
		};
		6306C22B1F0A89A700D03FA3 /* View */ = {
			isa = PBXGroup;
			children = (
				6323C8EC1F1CED5100D1D237 /* Controller */,
				6323C8DB1F1CED3A00D1D237 /* Extension */,
				6323C8AE1F1CED2900D1D237 /* Cell */,
				63E524681F122E4A009647F4 /* Helper */,
			);
			name = View;
			sourceTree = "<group>";
		};
		6306C22D1F0A8BC500D03FA3 /* Resource */ = {
			isa = PBXGroup;
			children = (
				6306C22E1F0A8BE700D03FA3 /* Montserrat */,
			);
			name = Resource;
			sourceTree = "<group>";
		};
		6306C22E1F0A8BE700D03FA3 /* Montserrat */ = {
			isa = PBXGroup;
			children = (
				6326C1A81F0BCC2D00B60347 /* Montserrat-Black.ttf */,
				6326C1A91F0BCC2D00B60347 /* Montserrat-ExtraLight.ttf */,
				6326C1AA1F0BCC2D00B60347 /* Montserrat-Light.ttf */,
				6326C1AB1F0BCC2D00B60347 /* Montserrat-Regular.ttf */,
			);
			name = Montserrat;
			sourceTree = "<group>";
		};
		6323C8821F1CECD900D1D237 /* Model */ = {
			isa = PBXGroup;
			children = (
				6323C8831F1CECD900D1D237 /* Blog.swift */,
				6323C8841F1CECD900D1D237 /* Medicine.swift */,
				6323C8851F1CECD900D1D237 /* MedicineGroup.swift */,
				6323C8861F1CECD900D1D237 /* OptionMenu.swift */,
				6323C8871F1CECD900D1D237 /* Order.swift */,
				6323C8881F1CECD900D1D237 /* Patient.swift */,
				6323C8891F1CECD900D1D237 /* Question.swift */,
				6323C88A1F1CECD900D1D237 /* QuestionReply.swift */,
				6323C88B1F1CECD900D1D237 /* QuestionReplyThank.swift */,
				6323C88C1F1CECD900D1D237 /* QuestionThank.swift */,
				6323C88D1F1CECD900D1D237 /* Service.swift */,
				6323C88E1F1CECD900D1D237 /* ServiceItem.swift */,
				6323C88F1F1CECD900D1D237 /* User.swift */,
				6323C8901F1CECD900D1D237 /* UserPerson.swift */,
				630F0CC01F21EC4200A1A566 /* Disease.swift */,
			);
			path = Model;
			sourceTree = "<group>";
		};
		6323C89F1F1CECEB00D1D237 /* Storyboard */ = {
			isa = PBXGroup;
			children = (
				6323C8A01F1CECEB00D1D237 /* HomePage.storyboard */,
				6323C8A11F1CECEB00D1D237 /* LaunchScreen.storyboard */,
				6323C8A21F1CECEB00D1D237 /* Main.storyboard */,
				6323C8A31F1CECEB00D1D237 /* MedicalReport.storyboard */,
				6323C8A41F1CECEB00D1D237 /* More.storyboard */,
				6323C8A51F1CECEB00D1D237 /* QuestionAnswer.storyboard */,
				6323C8A61F1CECEB00D1D237 /* Service.storyboard */,
			);
			path = Storyboard;
			sourceTree = "<group>";
		};
		6323C8AE1F1CED2900D1D237 /* Cell */ = {
			isa = PBXGroup;
			children = (
				6323C8AF1F1CED2900D1D237 /* ApplicationItemCell.swift */,
				6323C8B01F1CED2900D1D237 /* BlogCell.swift */,
				6323C8B11F1CED2900D1D237 /* BlogHeaderCell.swift */,
				6323C8B21F1CED2900D1D237 /* IntroduceCell.swift */,
				6323C8B31F1CED2900D1D237 /* MedicalReportCell.swift */,
				6323C8B41F1CED2900D1D237 /* MedicineItemCell.swift */,
				6323C8B51F1CED2900D1D237 /* OptionItemCell.swift */,
				6323C8B61F1CED2900D1D237 /* OptionItemCell.xib */,
				6323C8B71F1CED2900D1D237 /* OptionMenuCell.swift */,
				6323C8B81F1CED2900D1D237 /* OptionMenuCell.xib */,
				6323C8B91F1CED2900D1D237 /* PostQuestionCell.swift */,
				6323C8BA1F1CED2900D1D237 /* PostQuestionReplyCell.swift */,
				6323C8BB1F1CED2900D1D237 /* QuestionCell.swift */,
				6323C8BC1F1CED2900D1D237 /* QuestionReplyCell.swift */,
				6323C8BD1F1CED2900D1D237 /* ServiceDetailCell.swift */,
				6323C8BE1F1CED2900D1D237 /* ServiceDetailCell.xib */,
				6323C8BF1F1CED2900D1D237 /* ServiceItemCell.swift */,
				6323C8C01F1CED2900D1D237 /* ServiceItemCell.xib */,
				6323C8C11F1CED2900D1D237 /* ServiceMenuCell.swift */,
				6323C8C21F1CED2900D1D237 /* ServiceMenuCell.xib */,
				6323C8C31F1CED2900D1D237 /* SlideShowCell.swift */,
				6323C8C41F1CED2900D1D237 /* SlideShowCell.xib */,
				630F0CC21F21EFCF00A1A566 /* DiseaseCell.swift */,
			);
			name = Cell;
			path = View/Cell;
			sourceTree = "<group>";
		};
		6323C8DB1F1CED3A00D1D237 /* Extension */ = {
			isa = PBXGroup;
			children = (
				6323C8DC1F1CED3A00D1D237 /* Bundle+View.swift */,
				6323C8DD1F1CED3A00D1D237 /* Date+Extension.swift */,
				6323C8DE1F1CED3A00D1D237 /* String+View.swift */,
				6323C8DF1F1CED3A00D1D237 /* UIColor+Extension.swift */,
				6323C8E01F1CED3A00D1D237 /* UITableView+Extension.swift */,
				6323C8E11F1CED3A00D1D237 /* UITextField+View.swift */,
				6323C8E21F1CED3A00D1D237 /* UserDefault+Extension.swift */,
				6323C8E31F1CED3A00D1D237 /* ViewController+Extension.swift */,
			);
			name = Extension;
			path = View/Extension;
			sourceTree = "<group>";
		};
		6323C8EC1F1CED5100D1D237 /* Controller */ = {
			isa = PBXGroup;
			children = (
				6323C8F61F1CED5100D1D237 /* LoginViewController.swift */,
				6323C8ED1F1CED5100D1D237 /* HomeCareNavigationController.swift */,
				6323C8EE1F1CED5100D1D237 /* HomeCareTabbarController.swift */,
				6323C9021F1CED5100D1D237 /* RegisterViewController.swift */,
				6323C8EF1F1CED5100D1D237 /* HomePage */,
				6323C8F71F1CED5100D1D237 /* Medicine */,
				6323C8FC1F1CED5100D1D237 /* More */,
				6323C9001F1CED5100D1D237 /* QuestionAnswer */,
				6323C9031F1CED5100D1D237 /* Service */,
			);
			name = Controller;
			path = View/Controller;
			sourceTree = "<group>";
		};
		6323C8EF1F1CED5100D1D237 /* HomePage */ = {
			isa = PBXGroup;
			children = (
				6323C8F01F1CED5100D1D237 /* BlogDetailViewController.swift */,
				6323C8F11F1CED5100D1D237 /* FindHospitalViewController.swift */,
				6323C8F21F1CED5100D1D237 /* FindPhamacyViewController.swift */,
				6323C8F31F1CED5100D1D237 /* HomePageViewController.swift */,
				6323C8F41F1CED5100D1D237 /* SearchDiseaseViewController.swift */,
				6323C8F51F1CED5100D1D237 /* SearchMedicalViewController.swift */,
				6323C9271F1CF6B800D1D237 /* MedicineDetailViewController.swift */,
				6323C92B1F1CFF6D00D1D237 /* MedicineItemViewController.swift */,
				630F0CC41F21F8CE00A1A566 /* DiseaseDetailViewController.swift */,
				630F0CC61F21F91100A1A566 /* DiseaseItemViewController.swift */,
			);
			path = HomePage;
			sourceTree = "<group>";
		};
		6323C8F71F1CED5100D1D237 /* Medicine */ = {
			isa = PBXGroup;
			children = (
				6323C8F81F1CED5100D1D237 /* AddMedicalReportBookViewController.swift */,
				6323C8F91F1CED5100D1D237 /* MedicalReportBookViewController.swift */,
				6323C8FA1F1CED5100D1D237 /* ProfileViewController.swift */,
				6323C8FB1F1CED5100D1D237 /* ServiceBookingViewController.swift */,
				631AC8F31F1E414900AD54BC /* PatientDetailViewController.swift */,
				631AC8F51F1E424400AD54BC /* NotesPatientViewController.swift */,
			);
			path = Medicine;
			sourceTree = "<group>";
		};
		6323C8FC1F1CED5100D1D237 /* More */ = {
			isa = PBXGroup;
			children = (
				6323C8FD1F1CED5100D1D237 /* AccountViewController.swift */,
				6323C8FE1F1CED5100D1D237 /* MoreViewController.swift */,
				6323C8FF1F1CED5100D1D237 /* SettingViewController.swift */,
			);
			path = More;
			sourceTree = "<group>";
		};
		6323C9001F1CED5100D1D237 /* QuestionAnswer */ = {
			isa = PBXGroup;
			children = (
				6323C9011F1CED5100D1D237 /* QuestionAnswerViewController.swift */,
			);
			path = QuestionAnswer;
			sourceTree = "<group>";
		};
		6323C9031F1CED5100D1D237 /* Service */ = {
			isa = PBXGroup;
			children = (
				6323C9041F1CED5100D1D237 /* ServiceDetailViewController.swift */,
				6323C9051F1CED5100D1D237 /* ServiceViewController.swift */,
			);
			path = Service;
			sourceTree = "<group>";
		};
		6323C91A1F1CED6500D1D237 /* SupportFile */ = {
			isa = PBXGroup;
			children = (
				6323C9231F1CEFAE00D1D237 /* Assets.xcassets */,
				6323C9211F1CEF1800D1D237 /* Info.plist */,
				6323C91C1F1CED6500D1D237 /* ServiceItem.plist */,
			);
			path = SupportFile;
			sourceTree = "<group>";
		};
		63E524681F122E4A009647F4 /* Helper */ = {
			isa = PBXGroup;
			children = (
				63E524691F122E63009647F4 /* DateHelper.swift */,
			);
			name = Helper;
			path = View/Helper;
			sourceTree = "<group>";
		};
		AF856C64B66734E78B7295BB /* Pods */ = {
			isa = PBXGroup;
			children = (
				DF370D621B70E6D1001C27E5 /* Pods-HomeCares.debug.xcconfig */,
				A167C86D9A8451DA97F56B44 /* Pods-HomeCares.release.xcconfig */,
				00A176CDBD54D0022D0C7D6A /* Pods-HomeCaresTests.debug.xcconfig */,
				D81E8AC470973F989DDD294D /* Pods-HomeCaresTests.release.xcconfig */,
				6684F1EC2FD063933B972579 /* Pods-HomeCaresUITests.debug.xcconfig */,
				AF5F08CA95020C7108C92832 /* Pods-HomeCaresUITests.release.xcconfig */,
			);
			name = Pods;
			sourceTree = "<group>";
		};
		B1279A7CDDA4DE9925AB9006 /* Frameworks */ = {
			isa = PBXGroup;
			children = (
				49E327B19FF543B125B15A19 /* Pods_HomeCares.framework */,
				C0E8AB8CE24318DC4FAF7953 /* Pods_HomeCaresTests.framework */,
				C6BEB122B81230AE438F3065 /* Pods_HomeCaresUITests.framework */,
			);
			name = Frameworks;
			sourceTree = "<group>";
		};
/* End PBXGroup section */

/* Begin PBXNativeTarget section */
		6306C1F31F0A80E200D03FA3 /* HomeCares */ = {
			isa = PBXNativeTarget;
			buildConfigurationList = 6306C21C1F0A80E200D03FA3 /* Build configuration list for PBXNativeTarget "HomeCares" */;
			buildPhases = (
				137F3E72BBAF0EED4431BD7E /* [CP] Check Pods Manifest.lock */,
				6306C1F01F0A80E200D03FA3 /* Sources */,
				6306C1F11F0A80E200D03FA3 /* Frameworks */,
				6306C1F21F0A80E200D03FA3 /* Resources */,
				630046BABE31F0A8E41A3076 /* [CP] Embed Pods Frameworks */,
				A65BDB2DDF0E46FBFA2CF228 /* [CP] Copy Pods Resources */,
			);
			buildRules = (
			);
			dependencies = (
			);
			name = HomeCares;
			productName = HomeCares;
			productReference = 6306C1F41F0A80E200D03FA3 /* HomeCares.app */;
			productType = "com.apple.product-type.application";
		};
		6306C2071F0A80E200D03FA3 /* HomeCaresTests */ = {
			isa = PBXNativeTarget;
			buildConfigurationList = 6306C21F1F0A80E200D03FA3 /* Build configuration list for PBXNativeTarget "HomeCaresTests" */;
			buildPhases = (
				B6C3B214EABC7971C0190F5E /* [CP] Check Pods Manifest.lock */,
				6306C2041F0A80E200D03FA3 /* Sources */,
				6306C2051F0A80E200D03FA3 /* Frameworks */,
				6306C2061F0A80E200D03FA3 /* Resources */,
				6B4B33B67C28F76C6D5C0BB4 /* [CP] Embed Pods Frameworks */,
				2892931ECEC898012987F4A7 /* [CP] Copy Pods Resources */,
			);
			buildRules = (
			);
			dependencies = (
				6306C20A1F0A80E200D03FA3 /* PBXTargetDependency */,
			);
			name = HomeCaresTests;
			productName = HomeCaresTests;
			productReference = 6306C2081F0A80E200D03FA3 /* HomeCaresTests.xctest */;
			productType = "com.apple.product-type.bundle.unit-test";
		};
		6306C2121F0A80E200D03FA3 /* HomeCaresUITests */ = {
			isa = PBXNativeTarget;
			buildConfigurationList = 6306C2221F0A80E200D03FA3 /* Build configuration list for PBXNativeTarget "HomeCaresUITests" */;
			buildPhases = (
				B31556F9EAFDA1436C0B5C71 /* [CP] Check Pods Manifest.lock */,
				6306C20F1F0A80E200D03FA3 /* Sources */,
				6306C2101F0A80E200D03FA3 /* Frameworks */,
				6306C2111F0A80E200D03FA3 /* Resources */,
				A66F8B06AA5AB21FDC7C6807 /* [CP] Embed Pods Frameworks */,
				907110B4E17E8867C91009BF /* [CP] Copy Pods Resources */,
			);
			buildRules = (
			);
			dependencies = (
				6306C2151F0A80E200D03FA3 /* PBXTargetDependency */,
			);
			name = HomeCaresUITests;
			productName = HomeCaresUITests;
			productReference = 6306C2131F0A80E200D03FA3 /* HomeCaresUITests.xctest */;
			productType = "com.apple.product-type.bundle.ui-testing";
		};
/* End PBXNativeTarget section */

/* Begin PBXProject section */
		6306C1EC1F0A80E100D03FA3 /* Project object */ = {
			isa = PBXProject;
			attributes = {
				LastSwiftUpdateCheck = 0830;
				LastUpgradeCheck = 0830;
				ORGANIZATIONNAME = "Tuat Tran";
				TargetAttributes = {
					6306C1F31F0A80E200D03FA3 = {
						CreatedOnToolsVersion = 8.3.2;
						DevelopmentTeam = X987RN4W29;
						ProvisioningStyle = Automatic;
					};
					6306C2071F0A80E200D03FA3 = {
						CreatedOnToolsVersion = 8.3.2;
						ProvisioningStyle = Automatic;
						TestTargetID = 6306C1F31F0A80E200D03FA3;
					};
					6306C2121F0A80E200D03FA3 = {
						CreatedOnToolsVersion = 8.3.2;
						ProvisioningStyle = Automatic;
						TestTargetID = 6306C1F31F0A80E200D03FA3;
					};
				};
			};
			buildConfigurationList = 6306C1EF1F0A80E200D03FA3 /* Build configuration list for PBXProject "HomeCares" */;
			compatibilityVersion = "Xcode 3.2";
			developmentRegion = English;
			hasScannedForEncodings = 0;
			knownRegions = (
				en,
				Base,
			);
			mainGroup = 6306C1EB1F0A80E100D03FA3;
			productRefGroup = 6306C1F51F0A80E200D03FA3 /* Products */;
			projectDirPath = "";
			projectRoot = "";
			targets = (
				6306C1F31F0A80E200D03FA3 /* HomeCares */,
				6306C2071F0A80E200D03FA3 /* HomeCaresTests */,
				6306C2121F0A80E200D03FA3 /* HomeCaresUITests */,
			);
		};
/* End PBXProject section */

/* Begin PBXResourcesBuildPhase section */
		6306C1F21F0A80E200D03FA3 /* Resources */ = {
			isa = PBXResourcesBuildPhase;
			buildActionMask = 2147483647;
			files = (
				6323C8CE1F1CED2900D1D237 /* OptionMenuCell.xib in Resources */,
				6326C1AE1F0BCC2D00B60347 /* Montserrat-Light.ttf in Resources */,
				6326C1AF1F0BCC2D00B60347 /* Montserrat-Regular.ttf in Resources */,
				6326C1AC1F0BCC2D00B60347 /* Montserrat-Black.ttf in Resources */,
				6323C8AC1F1CECEB00D1D237 /* QuestionAnswer.storyboard in Resources */,
				6323C8AB1F1CECEB00D1D237 /* More.storyboard in Resources */,
				6323C8A91F1CECEB00D1D237 /* Main.storyboard in Resources */,
				6323C8D61F1CED2900D1D237 /* ServiceItemCell.xib in Resources */,
				6323C8AA1F1CECEB00D1D237 /* MedicalReport.storyboard in Resources */,
				6323C9221F1CEF1800D1D237 /* Info.plist in Resources */,
				6323C8D41F1CED2900D1D237 /* ServiceDetailCell.xib in Resources */,
				6323C8CC1F1CED2900D1D237 /* OptionItemCell.xib in Resources */,
				6323C8A71F1CECEB00D1D237 /* HomePage.storyboard in Resources */,
				6323C8DA1F1CED2900D1D237 /* SlideShowCell.xib in Resources */,
				6323C9241F1CEFAE00D1D237 /* Assets.xcassets in Resources */,
				6323C8D81F1CED2900D1D237 /* ServiceMenuCell.xib in Resources */,
				6323C8A81F1CECEB00D1D237 /* LaunchScreen.storyboard in Resources */,
				6323C91E1F1CED6500D1D237 /* ServiceItem.plist in Resources */,
				6326C1AD1F0BCC2D00B60347 /* Montserrat-ExtraLight.ttf in Resources */,
				6323C8AD1F1CECEB00D1D237 /* Service.storyboard in Resources */,
			);
			runOnlyForDeploymentPostprocessing = 0;
		};
		6306C2061F0A80E200D03FA3 /* Resources */ = {
			isa = PBXResourcesBuildPhase;
			buildActionMask = 2147483647;
			files = (
			);
			runOnlyForDeploymentPostprocessing = 0;
		};
		6306C2111F0A80E200D03FA3 /* Resources */ = {
			isa = PBXResourcesBuildPhase;
			buildActionMask = 2147483647;
			files = (
			);
			runOnlyForDeploymentPostprocessing = 0;
		};
/* End PBXResourcesBuildPhase section */

/* Begin PBXShellScriptBuildPhase section */
		137F3E72BBAF0EED4431BD7E /* [CP] Check Pods Manifest.lock */ = {
			isa = PBXShellScriptBuildPhase;
			buildActionMask = 2147483647;
			files = (
			);
			inputPaths = (
			);
			name = "[CP] Check Pods Manifest.lock";
			outputPaths = (
			);
			runOnlyForDeploymentPostprocessing = 0;
			shellPath = /bin/sh;
			shellScript = "diff \"${PODS_PODFILE_DIR_PATH}/Podfile.lock\" \"${PODS_ROOT}/Manifest.lock\" > /dev/null\nif [ $? != 0 ] ; then\n    # print error to STDERR\n    echo \"error: The sandbox is not in sync with the Podfile.lock. Run 'pod install' or update your CocoaPods installation.\" >&2\n    exit 1\nfi\n";
			showEnvVarsInLog = 0;
		};
		2892931ECEC898012987F4A7 /* [CP] Copy Pods Resources */ = {
			isa = PBXShellScriptBuildPhase;
			buildActionMask = 2147483647;
			files = (
			);
			inputPaths = (
			);
			name = "[CP] Copy Pods Resources";
			outputPaths = (
			);
			runOnlyForDeploymentPostprocessing = 0;
			shellPath = /bin/sh;
			shellScript = "\"${SRCROOT}/Pods/Target Support Files/Pods-HomeCaresTests/Pods-HomeCaresTests-resources.sh\"\n";
			showEnvVarsInLog = 0;
		};
		630046BABE31F0A8E41A3076 /* [CP] Embed Pods Frameworks */ = {
			isa = PBXShellScriptBuildPhase;
			buildActionMask = 2147483647;
			files = (
			);
			inputPaths = (
			);
			name = "[CP] Embed Pods Frameworks";
			outputPaths = (
			);
			runOnlyForDeploymentPostprocessing = 0;
			shellPath = /bin/sh;
			shellScript = "\"${SRCROOT}/Pods/Target Support Files/Pods-HomeCares/Pods-HomeCares-frameworks.sh\"\n";
			showEnvVarsInLog = 0;
		};
		6B4B33B67C28F76C6D5C0BB4 /* [CP] Embed Pods Frameworks */ = {
			isa = PBXShellScriptBuildPhase;
			buildActionMask = 2147483647;
			files = (
			);
			inputPaths = (
			);
			name = "[CP] Embed Pods Frameworks";
			outputPaths = (
			);
			runOnlyForDeploymentPostprocessing = 0;
			shellPath = /bin/sh;
			shellScript = "\"${SRCROOT}/Pods/Target Support Files/Pods-HomeCaresTests/Pods-HomeCaresTests-frameworks.sh\"\n";
			showEnvVarsInLog = 0;
		};
		907110B4E17E8867C91009BF /* [CP] Copy Pods Resources */ = {
			isa = PBXShellScriptBuildPhase;
			buildActionMask = 2147483647;
			files = (
			);
			inputPaths = (
			);
			name = "[CP] Copy Pods Resources";
			outputPaths = (
			);
			runOnlyForDeploymentPostprocessing = 0;
			shellPath = /bin/sh;
			shellScript = "\"${SRCROOT}/Pods/Target Support Files/Pods-HomeCaresUITests/Pods-HomeCaresUITests-resources.sh\"\n";
			showEnvVarsInLog = 0;
		};
		A65BDB2DDF0E46FBFA2CF228 /* [CP] Copy Pods Resources */ = {
			isa = PBXShellScriptBuildPhase;
			buildActionMask = 2147483647;
			files = (
			);
			inputPaths = (
			);
			name = "[CP] Copy Pods Resources";
			outputPaths = (
			);
			runOnlyForDeploymentPostprocessing = 0;
			shellPath = /bin/sh;
			shellScript = "\"${SRCROOT}/Pods/Target Support Files/Pods-HomeCares/Pods-HomeCares-resources.sh\"\n";
			showEnvVarsInLog = 0;
		};
		A66F8B06AA5AB21FDC7C6807 /* [CP] Embed Pods Frameworks */ = {
			isa = PBXShellScriptBuildPhase;
			buildActionMask = 2147483647;
			files = (
			);
			inputPaths = (
			);
			name = "[CP] Embed Pods Frameworks";
			outputPaths = (
			);
			runOnlyForDeploymentPostprocessing = 0;
			shellPath = /bin/sh;
			shellScript = "\"${SRCROOT}/Pods/Target Support Files/Pods-HomeCaresUITests/Pods-HomeCaresUITests-frameworks.sh\"\n";
			showEnvVarsInLog = 0;
		};
		B31556F9EAFDA1436C0B5C71 /* [CP] Check Pods Manifest.lock */ = {
			isa = PBXShellScriptBuildPhase;
			buildActionMask = 2147483647;
			files = (
			);
			inputPaths = (
			);
			name = "[CP] Check Pods Manifest.lock";
			outputPaths = (
			);
			runOnlyForDeploymentPostprocessing = 0;
			shellPath = /bin/sh;
			shellScript = "diff \"${PODS_PODFILE_DIR_PATH}/Podfile.lock\" \"${PODS_ROOT}/Manifest.lock\" > /dev/null\nif [ $? != 0 ] ; then\n    # print error to STDERR\n    echo \"error: The sandbox is not in sync with the Podfile.lock. Run 'pod install' or update your CocoaPods installation.\" >&2\n    exit 1\nfi\n";
			showEnvVarsInLog = 0;
		};
		B6C3B214EABC7971C0190F5E /* [CP] Check Pods Manifest.lock */ = {
			isa = PBXShellScriptBuildPhase;
			buildActionMask = 2147483647;
			files = (
			);
			inputPaths = (
			);
			name = "[CP] Check Pods Manifest.lock";
			outputPaths = (
			);
			runOnlyForDeploymentPostprocessing = 0;
			shellPath = /bin/sh;
			shellScript = "diff \"${PODS_PODFILE_DIR_PATH}/Podfile.lock\" \"${PODS_ROOT}/Manifest.lock\" > /dev/null\nif [ $? != 0 ] ; then\n    # print error to STDERR\n    echo \"error: The sandbox is not in sync with the Podfile.lock. Run 'pod install' or update your CocoaPods installation.\" >&2\n    exit 1\nfi\n";
			showEnvVarsInLog = 0;
		};
/* End PBXShellScriptBuildPhase section */

/* Begin PBXSourcesBuildPhase section */
		6306C1F01F0A80E200D03FA3 /* Sources */ = {
			isa = PBXSourcesBuildPhase;
			buildActionMask = 2147483647;
			files = (
				6323C8C81F1CED2900D1D237 /* IntroduceCell.swift in Sources */,
				6323C9101F1CED5100D1D237 /* MedicalReportBookViewController.swift in Sources */,
				6323C8C51F1CED2900D1D237 /* ApplicationItemCell.swift in Sources */,
				6323C8931F1CECD900D1D237 /* MedicineGroup.swift in Sources */,
				6323C9161F1CED5100D1D237 /* QuestionAnswerViewController.swift in Sources */,
				6326C1C11F0BCD3300B60347 /* ApiResponse.swift in Sources */,
				6323C8C91F1CED2900D1D237 /* MedicalReportCell.swift in Sources */,
				6323C89A1F1CECD900D1D237 /* QuestionThank.swift in Sources */,
				6323C8CA1F1CED2900D1D237 /* MedicineItemCell.swift in Sources */,
				63E5246A1F122E63009647F4 /* DateHelper.swift in Sources */,
				6326C1C01F0BCD3300B60347 /* ApiHelper.swift in Sources */,
				6323C9091F1CED5100D1D237 /* FindHospitalViewController.swift in Sources */,
				6323C8D31F1CED2900D1D237 /* ServiceDetailCell.swift in Sources */,
				6323C8951F1CECD900D1D237 /* Order.swift in Sources */,
				6323C8E71F1CED3A00D1D237 /* UIColor+Extension.swift in Sources */,
				6306C1F81F0A80E200D03FA3 /* AppDelegate.swift in Sources */,
				6323C9141F1CED5100D1D237 /* MoreViewController.swift in Sources */,
				6323C9121F1CED5100D1D237 /* ServiceBookingViewController.swift in Sources */,
				6323C8D91F1CED2900D1D237 /* SlideShowCell.swift in Sources */,
				6323C8D11F1CED2900D1D237 /* QuestionCell.swift in Sources */,
				6323C90F1F1CED5100D1D237 /* AddMedicalReportBookViewController.swift in Sources */,
				630F0CC11F21EC4200A1A566 /* Disease.swift in Sources */,
				6323C89D1F1CECD900D1D237 /* User.swift in Sources */,
				6323C8961F1CECD900D1D237 /* Patient.swift in Sources */,
				6323C8E91F1CED3A00D1D237 /* UITextField+View.swift in Sources */,
				6323C90B1F1CED5100D1D237 /* HomePageViewController.swift in Sources */,
				6323C8D01F1CED2900D1D237 /* PostQuestionReplyCell.swift in Sources */,
				6323C90D1F1CED5100D1D237 /* SearchMedicalViewController.swift in Sources */,
				6323C9131F1CED5100D1D237 /* AccountViewController.swift in Sources */,
				6323C8E41F1CED3A00D1D237 /* Bundle+View.swift in Sources */,
				6323C9061F1CED5100D1D237 /* HomeCareNavigationController.swift in Sources */,
				6323C8EB1F1CED3A00D1D237 /* ViewController+Extension.swift in Sources */,
				6326C1C31F0BCD3300B60347 /* HomeCaresService.swift in Sources */,
				6323C9281F1CF6B800D1D237 /* MedicineDetailViewController.swift in Sources */,
				6323C8D21F1CED2900D1D237 /* QuestionReplyCell.swift in Sources */,
				6323C8911F1CECD900D1D237 /* Blog.swift in Sources */,
				6323C8D51F1CED2900D1D237 /* ServiceItemCell.swift in Sources */,
				631AC8F41F1E414900AD54BC /* PatientDetailViewController.swift in Sources */,
				6323C8E51F1CED3A00D1D237 /* Date+Extension.swift in Sources */,
				6323C8921F1CECD900D1D237 /* Medicine.swift in Sources */,
				6323C9071F1CED5100D1D237 /* HomeCareTabbarController.swift in Sources */,
				6326C1C21F0BCD3300B60347 /* Configuration.swift in Sources */,
				6323C8CB1F1CED2900D1D237 /* OptionItemCell.swift in Sources */,
				6323C8971F1CECD900D1D237 /* Question.swift in Sources */,
				6323C8E61F1CED3A00D1D237 /* String+View.swift in Sources */,
				6323C8941F1CECD900D1D237 /* OptionMenu.swift in Sources */,
				6323C8EA1F1CED3A00D1D237 /* UserDefault+Extension.swift in Sources */,
				6323C9111F1CED5100D1D237 /* ProfileViewController.swift in Sources */,
				630F0CC31F21EFCF00A1A566 /* DiseaseCell.swift in Sources */,
				6323C89E1F1CECD900D1D237 /* UserPerson.swift in Sources */,
				6323C9081F1CED5100D1D237 /* BlogDetailViewController.swift in Sources */,
				6323C8D71F1CED2900D1D237 /* ServiceMenuCell.swift in Sources */,
				6323C9191F1CED5100D1D237 /* ServiceViewController.swift in Sources */,
				6323C90E1F1CED5100D1D237 /* LoginViewController.swift in Sources */,
				6323C8C61F1CED2900D1D237 /* BlogCell.swift in Sources */,
				6323C9181F1CED5100D1D237 /* ServiceDetailViewController.swift in Sources */,
				6323C89B1F1CECD900D1D237 /* Service.swift in Sources */,
				6323C8CD1F1CED2900D1D237 /* OptionMenuCell.swift in Sources */,
				6323C90C1F1CED5100D1D237 /* SearchDiseaseViewController.swift in Sources */,
				6323C8991F1CECD900D1D237 /* QuestionReplyThank.swift in Sources */,
				6323C89C1F1CECD900D1D237 /* ServiceItem.swift in Sources */,
				6323C8981F1CECD900D1D237 /* QuestionReply.swift in Sources */,
				630F0CC71F21F91100A1A566 /* DiseaseItemViewController.swift in Sources */,
				631AC8F61F1E424400AD54BC /* NotesPatientViewController.swift in Sources */,
				6323C9151F1CED5100D1D237 /* SettingViewController.swift in Sources */,
				6323C9171F1CED5100D1D237 /* RegisterViewController.swift in Sources */,
				6323C8C71F1CED2900D1D237 /* BlogHeaderCell.swift in Sources */,
				6323C92C1F1CFF6D00D1D237 /* MedicineItemViewController.swift in Sources */,
				6323C90A1F1CED5100D1D237 /* FindPhamacyViewController.swift in Sources */,
				6323C8CF1F1CED2900D1D237 /* PostQuestionCell.swift in Sources */,
				6323C8E81F1CED3A00D1D237 /* UITableView+Extension.swift in Sources */,
				630F0CC51F21F8CE00A1A566 /* DiseaseDetailViewController.swift in Sources */,
			);
			runOnlyForDeploymentPostprocessing = 0;
		};
		6306C2041F0A80E200D03FA3 /* Sources */ = {
			isa = PBXSourcesBuildPhase;
			buildActionMask = 2147483647;
			files = (
				6306C20D1F0A80E200D03FA3 /* HomeCaresTests.swift in Sources */,
			);
			runOnlyForDeploymentPostprocessing = 0;
		};
		6306C20F1F0A80E200D03FA3 /* Sources */ = {
			isa = PBXSourcesBuildPhase;
			buildActionMask = 2147483647;
			files = (
				6306C2181F0A80E200D03FA3 /* HomeCaresUITests.swift in Sources */,
			);
			runOnlyForDeploymentPostprocessing = 0;
		};
/* End PBXSourcesBuildPhase section */

/* Begin PBXTargetDependency section */
		6306C20A1F0A80E200D03FA3 /* PBXTargetDependency */ = {
			isa = PBXTargetDependency;
			target = 6306C1F31F0A80E200D03FA3 /* HomeCares */;
			targetProxy = 6306C2091F0A80E200D03FA3 /* PBXContainerItemProxy */;
		};
		6306C2151F0A80E200D03FA3 /* PBXTargetDependency */ = {
			isa = PBXTargetDependency;
			target = 6306C1F31F0A80E200D03FA3 /* HomeCares */;
			targetProxy = 6306C2141F0A80E200D03FA3 /* PBXContainerItemProxy */;
		};
/* End PBXTargetDependency section */

/* Begin XCBuildConfiguration section */
		6306C21A1F0A80E200D03FA3 /* Debug */ = {
			isa = XCBuildConfiguration;
			buildSettings = {
				ALWAYS_SEARCH_USER_PATHS = NO;
				CLANG_ANALYZER_NONNULL = YES;
				CLANG_ANALYZER_NUMBER_OBJECT_CONVERSION = YES_AGGRESSIVE;
				CLANG_CXX_LANGUAGE_STANDARD = "gnu++0x";
				CLANG_CXX_LIBRARY = "libc++";
				CLANG_ENABLE_MODULES = YES;
				CLANG_ENABLE_OBJC_ARC = YES;
				CLANG_WARN_BOOL_CONVERSION = YES;
				CLANG_WARN_CONSTANT_CONVERSION = YES;
				CLANG_WARN_DIRECT_OBJC_ISA_USAGE = YES_ERROR;
				CLANG_WARN_DOCUMENTATION_COMMENTS = YES;
				CLANG_WARN_EMPTY_BODY = YES;
				CLANG_WARN_ENUM_CONVERSION = YES;
				CLANG_WARN_INFINITE_RECURSION = YES;
				CLANG_WARN_INT_CONVERSION = YES;
				CLANG_WARN_OBJC_ROOT_CLASS = YES_ERROR;
				CLANG_WARN_SUSPICIOUS_MOVE = YES;
				CLANG_WARN_UNREACHABLE_CODE = YES;
				CLANG_WARN__DUPLICATE_METHOD_MATCH = YES;
				"CODE_SIGN_IDENTITY[sdk=iphoneos*]" = "iPhone Developer";
				COPY_PHASE_STRIP = NO;
				DEBUG_INFORMATION_FORMAT = dwarf;
				ENABLE_STRICT_OBJC_MSGSEND = YES;
				ENABLE_TESTABILITY = YES;
				GCC_C_LANGUAGE_STANDARD = gnu99;
				GCC_DYNAMIC_NO_PIC = NO;
				GCC_NO_COMMON_BLOCKS = YES;
				GCC_OPTIMIZATION_LEVEL = 0;
				GCC_PREPROCESSOR_DEFINITIONS = (
					"DEBUG=1",
					"$(inherited)",
				);
				GCC_WARN_64_TO_32_BIT_CONVERSION = YES;
				GCC_WARN_ABOUT_RETURN_TYPE = YES_ERROR;
				GCC_WARN_UNDECLARED_SELECTOR = YES;
				GCC_WARN_UNINITIALIZED_AUTOS = YES_AGGRESSIVE;
				GCC_WARN_UNUSED_FUNCTION = YES;
				GCC_WARN_UNUSED_VARIABLE = YES;
				IPHONEOS_DEPLOYMENT_TARGET = 10.3;
				MTL_ENABLE_DEBUG_INFO = YES;
				ONLY_ACTIVE_ARCH = YES;
				SDKROOT = iphoneos;
				SWIFT_ACTIVE_COMPILATION_CONDITIONS = DEBUG;
				SWIFT_OPTIMIZATION_LEVEL = "-Onone";
				TARGETED_DEVICE_FAMILY = "1,2";
			};
			name = Debug;
		};
		6306C21B1F0A80E200D03FA3 /* Release */ = {
			isa = XCBuildConfiguration;
			buildSettings = {
				ALWAYS_SEARCH_USER_PATHS = NO;
				CLANG_ANALYZER_NONNULL = YES;
				CLANG_ANALYZER_NUMBER_OBJECT_CONVERSION = YES_AGGRESSIVE;
				CLANG_CXX_LANGUAGE_STANDARD = "gnu++0x";
				CLANG_CXX_LIBRARY = "libc++";
				CLANG_ENABLE_MODULES = YES;
				CLANG_ENABLE_OBJC_ARC = YES;
				CLANG_WARN_BOOL_CONVERSION = YES;
				CLANG_WARN_CONSTANT_CONVERSION = YES;
				CLANG_WARN_DIRECT_OBJC_ISA_USAGE = YES_ERROR;
				CLANG_WARN_DOCUMENTATION_COMMENTS = YES;
				CLANG_WARN_EMPTY_BODY = YES;
				CLANG_WARN_ENUM_CONVERSION = YES;
				CLANG_WARN_INFINITE_RECURSION = YES;
				CLANG_WARN_INT_CONVERSION = YES;
				CLANG_WARN_OBJC_ROOT_CLASS = YES_ERROR;
				CLANG_WARN_SUSPICIOUS_MOVE = YES;
				CLANG_WARN_UNREACHABLE_CODE = YES;
				CLANG_WARN__DUPLICATE_METHOD_MATCH = YES;
				"CODE_SIGN_IDENTITY[sdk=iphoneos*]" = "iPhone Developer";
				COPY_PHASE_STRIP = NO;
				DEBUG_INFORMATION_FORMAT = "dwarf-with-dsym";
				ENABLE_NS_ASSERTIONS = NO;
				ENABLE_STRICT_OBJC_MSGSEND = YES;
				GCC_C_LANGUAGE_STANDARD = gnu99;
				GCC_NO_COMMON_BLOCKS = YES;
				GCC_WARN_64_TO_32_BIT_CONVERSION = YES;
				GCC_WARN_ABOUT_RETURN_TYPE = YES_ERROR;
				GCC_WARN_UNDECLARED_SELECTOR = YES;
				GCC_WARN_UNINITIALIZED_AUTOS = YES_AGGRESSIVE;
				GCC_WARN_UNUSED_FUNCTION = YES;
				GCC_WARN_UNUSED_VARIABLE = YES;
				IPHONEOS_DEPLOYMENT_TARGET = 10.3;
				MTL_ENABLE_DEBUG_INFO = NO;
				SDKROOT = iphoneos;
				SWIFT_OPTIMIZATION_LEVEL = "-Owholemodule";
				TARGETED_DEVICE_FAMILY = "1,2";
				VALIDATE_PRODUCT = YES;
			};
			name = Release;
		};
		6306C21D1F0A80E200D03FA3 /* Debug */ = {
			isa = XCBuildConfiguration;
			baseConfigurationReference = DF370D621B70E6D1001C27E5 /* Pods-HomeCares.debug.xcconfig */;
			buildSettings = {
				ASSETCATALOG_COMPILER_APPICON_NAME = AppIcon;
				DEVELOPMENT_TEAM = X987RN4W29;
				INFOPLIST_FILE = HomeCares/Info.plist;
				IPHONEOS_DEPLOYMENT_TARGET = 9.0;
				LD_RUNPATH_SEARCH_PATHS = "$(inherited) @executable_path/Frameworks";
				PRODUCT_BUNDLE_IDENTIFIER = com.tuattran.HomeCares;
				PRODUCT_NAME = "$(TARGET_NAME)";
				SWIFT_VERSION = 3.0;
			};
			name = Debug;
		};
		6306C21E1F0A80E200D03FA3 /* Release */ = {
			isa = XCBuildConfiguration;
			baseConfigurationReference = A167C86D9A8451DA97F56B44 /* Pods-HomeCares.release.xcconfig */;
			buildSettings = {
				ASSETCATALOG_COMPILER_APPICON_NAME = AppIcon;
				DEVELOPMENT_TEAM = X987RN4W29;
				INFOPLIST_FILE = HomeCares/Info.plist;
				IPHONEOS_DEPLOYMENT_TARGET = 9.0;
				LD_RUNPATH_SEARCH_PATHS = "$(inherited) @executable_path/Frameworks";
				PRODUCT_BUNDLE_IDENTIFIER = com.tuattran.HomeCares;
				PRODUCT_NAME = "$(TARGET_NAME)";
				SWIFT_VERSION = 3.0;
			};
			name = Release;
		};
		6306C2201F0A80E200D03FA3 /* Debug */ = {
			isa = XCBuildConfiguration;
			baseConfigurationReference = 00A176CDBD54D0022D0C7D6A /* Pods-HomeCaresTests.debug.xcconfig */;
			buildSettings = {
				ALWAYS_EMBED_SWIFT_STANDARD_LIBRARIES = YES;
				BUNDLE_LOADER = "$(TEST_HOST)";
				INFOPLIST_FILE = HomeCaresTests/Info.plist;
				LD_RUNPATH_SEARCH_PATHS = "$(inherited) @executable_path/Frameworks @loader_path/Frameworks";
				PRODUCT_BUNDLE_IDENTIFIER = com.tuattran.HomeCaresTests;
				PRODUCT_NAME = "$(TARGET_NAME)";
				SWIFT_VERSION = 3.0;
				TEST_HOST = "$(BUILT_PRODUCTS_DIR)/HomeCares.app/HomeCares";
			};
			name = Debug;
		};
		6306C2211F0A80E200D03FA3 /* Release */ = {
			isa = XCBuildConfiguration;
			baseConfigurationReference = D81E8AC470973F989DDD294D /* Pods-HomeCaresTests.release.xcconfig */;
			buildSettings = {
				ALWAYS_EMBED_SWIFT_STANDARD_LIBRARIES = YES;
				BUNDLE_LOADER = "$(TEST_HOST)";
				INFOPLIST_FILE = HomeCaresTests/Info.plist;
				LD_RUNPATH_SEARCH_PATHS = "$(inherited) @executable_path/Frameworks @loader_path/Frameworks";
				PRODUCT_BUNDLE_IDENTIFIER = com.tuattran.HomeCaresTests;
				PRODUCT_NAME = "$(TARGET_NAME)";
				SWIFT_VERSION = 3.0;
				TEST_HOST = "$(BUILT_PRODUCTS_DIR)/HomeCares.app/HomeCares";
			};
			name = Release;
		};
		6306C2231F0A80E200D03FA3 /* Debug */ = {
			isa = XCBuildConfiguration;
			baseConfigurationReference = 6684F1EC2FD063933B972579 /* Pods-HomeCaresUITests.debug.xcconfig */;
			buildSettings = {
				ALWAYS_EMBED_SWIFT_STANDARD_LIBRARIES = YES;
				INFOPLIST_FILE = HomeCaresUITests/Info.plist;
				LD_RUNPATH_SEARCH_PATHS = "$(inherited) @executable_path/Frameworks @loader_path/Frameworks";
				PRODUCT_BUNDLE_IDENTIFIER = com.tuattran.HomeCaresUITests;
				PRODUCT_NAME = "$(TARGET_NAME)";
				SWIFT_VERSION = 3.0;
				TEST_TARGET_NAME = HomeCares;
			};
			name = Debug;
		};
		6306C2241F0A80E200D03FA3 /* Release */ = {
			isa = XCBuildConfiguration;
			baseConfigurationReference = AF5F08CA95020C7108C92832 /* Pods-HomeCaresUITests.release.xcconfig */;
			buildSettings = {
				ALWAYS_EMBED_SWIFT_STANDARD_LIBRARIES = YES;
				INFOPLIST_FILE = HomeCaresUITests/Info.plist;
				LD_RUNPATH_SEARCH_PATHS = "$(inherited) @executable_path/Frameworks @loader_path/Frameworks";
				PRODUCT_BUNDLE_IDENTIFIER = com.tuattran.HomeCaresUITests;
				PRODUCT_NAME = "$(TARGET_NAME)";
				SWIFT_VERSION = 3.0;
				TEST_TARGET_NAME = HomeCares;
			};
			name = Release;
		};
/* End XCBuildConfiguration section */

/* Begin XCConfigurationList section */
		6306C1EF1F0A80E200D03FA3 /* Build configuration list for PBXProject "HomeCares" */ = {
			isa = XCConfigurationList;
			buildConfigurations = (
				6306C21A1F0A80E200D03FA3 /* Debug */,
				6306C21B1F0A80E200D03FA3 /* Release */,
			);
			defaultConfigurationIsVisible = 0;
			defaultConfigurationName = Release;
		};
		6306C21C1F0A80E200D03FA3 /* Build configuration list for PBXNativeTarget "HomeCares" */ = {
			isa = XCConfigurationList;
			buildConfigurations = (
				6306C21D1F0A80E200D03FA3 /* Debug */,
				6306C21E1F0A80E200D03FA3 /* Release */,
			);
			defaultConfigurationIsVisible = 0;
			defaultConfigurationName = Release;
		};
		6306C21F1F0A80E200D03FA3 /* Build configuration list for PBXNativeTarget "HomeCaresTests" */ = {
			isa = XCConfigurationList;
			buildConfigurations = (
				6306C2201F0A80E200D03FA3 /* Debug */,
				6306C2211F0A80E200D03FA3 /* Release */,
			);
			defaultConfigurationIsVisible = 0;
			defaultConfigurationName = Release;
		};
		6306C2221F0A80E200D03FA3 /* Build configuration list for PBXNativeTarget "HomeCaresUITests" */ = {
			isa = XCConfigurationList;
			buildConfigurations = (
				6306C2231F0A80E200D03FA3 /* Debug */,
				6306C2241F0A80E200D03FA3 /* Release */,
			);
			defaultConfigurationIsVisible = 0;
			defaultConfigurationName = Release;
		};
/* End XCConfigurationList section */
	};
	rootObject = 6306C1EC1F0A80E100D03FA3 /* Project object */;
}
